PODS:
  - AnimatedTextInput (0.5.5)
  - CenteredCollectionView (2.1.0)
  - EasyTipView (2.0.4)
  - GoogleMaps (3.0.2):
    - GoogleMaps/Maps (= 3.0.2)
  - GoogleMaps/Base (3.0.2)
  - GoogleMaps/Maps (3.0.2):
    - GoogleMaps/Base
  - GooglePlaces (3.0.2):
    - GoogleMaps/Base (= 3.0.2)
  - IQKeyboardManagerSwift (6.2.0)
  - NVActivityIndicatorView (4.6.1):
    - NVActivityIndicatorView/Presenter (= 4.6.1)
  - NVActivityIndicatorView/Presenter (4.6.1)
  - Realm (3.13.1):
    - Realm/Headers (= 3.13.1)
  - Realm/Headers (3.13.1)
  - RealmSwift (3.13.1):
    - Realm (= 3.13.1)
  - SnapKit (5.0.0)

DEPENDENCIES:
  - AnimatedTextInput
  - CenteredCollectionView
  - EasyTipView
  - GoogleMaps
  - GooglePlaces
  - IQKeyboardManagerSwift
  - NVActivityIndicatorView
  - RealmSwift
  - SnapKit

SPEC REPOS:
  https://github.com/cocoapods/specs.git:
    - AnimatedTextInput
    - CenteredCollectionView
    - EasyTipView
    - GoogleMaps
    - GooglePlaces
    - IQKeyboardManagerSwift
    - NVActivityIndicatorView
    - Realm
    - RealmSwift
    - SnapKit

SPEC CHECKSUMS:
  AnimatedTextInput: aadbdfa5a538a03cc9fbea700b43d2bb21a5d132
  CenteredCollectionView: a32f1d57505be294ff6080251384a38ffd1e61f3
  EasyTipView: 4f8beae0a82db2ca4a9b5fd658785fc5f61d296b
  GoogleMaps: 941cd655e009b4d8e42df19a3d749bc3fccec973
  GooglePlaces: c086e0055dc5f0177d7c9d65fc77a1734f9a4825
  IQKeyboardManagerSwift: b07ccf9d8cafe993dcd6cb794eb4ba34611a0c4e
  NVActivityIndicatorView: 4ca19fccc84595a78957336a086d00a49be6ce61
  Realm: 50071da38fe079e0735e47c9f2eae738c68c5996
  RealmSwift: 8a1e6a02b7a08cd17a31e3115143fb69fe5f3fb9
  SnapKit: fd22d10eb9aff484d79a8724eab922c1ddf89bcf

PODFILE CHECKSUM: 4ef16e32ce95c6726ab1474b9727bc6a01d3bff5

COCOAPODS: 1.7.5
