// !$*UTF8*$!
{
	archiveVersion = 1;
	classes = {
	};
	objectVersion = 51;
	objects = {

/* Begin PBXBuildFile section */
		4A0004AF222CF1AC003DEC20 /* SettingViewController.swift in Sources */ = {isa = PBXBuildFile; fileRef = 4A0004AE222CF1AC003DEC20 /* SettingViewController.swift */; };
		4A0004B1222D319F003DEC20 /* SettingView.swift in Sources */ = {isa = PBXBuildFile; fileRef = 4A0004B0222D319F003DEC20 /* SettingView.swift */; };
		4A38F3DA21EA80820097914B /* mymain.xib in Resources */ = {isa = PBXBuildFile; fileRef = 4A38F3D921EA80820097914B /* mymain.xib */; };
		4A3A17E121F1C8B500313077 /* Date+.swift in Sources */ = {isa = PBXBuildFile; fileRef = 4A3A17E021F1C8B500313077 /* Date+.swift */; };
		4A5B322721F6913E0007AB21 /* DefaultStyle.swift in Sources */ = {isa = PBXBuildFile; fileRef = 4A5B322621F6913E0007AB21 /* DefaultStyle.swift */; };
		4A5F61E7220C9C3800531239 /* HomeVM.swift in Sources */ = {isa = PBXBuildFile; fileRef = 4A5F61E6220C9C3800531239 /* HomeVM.swift */; };
		4A5F9CB1220495F60097C5C1 /* exchangeCell.swift in Sources */ = {isa = PBXBuildFile; fileRef = 4A5F9CB0220495F50097C5C1 /* exchangeCell.swift */; };
		4A779F5921E7C24C00CCE52F /* MKPlacemark+.swift in Sources */ = {isa = PBXBuildFile; fileRef = 4A779F5121E7C24B00CCE52F /* MKPlacemark+.swift */; };
		4A969BFB21E5A2F50016DB49 /* Assets.xcassets in Resources */ = {isa = PBXBuildFile; fileRef = 4A969BFA21E5A2F50016DB49 /* Assets.xcassets */; };
		4AA331B721EB3D92004E2536 /* TripCell.swift in Sources */ = {isa = PBXBuildFile; fileRef = 4AA331B421EB3D92004E2536 /* TripCell.swift */; };
		4AA331B921EB3EB2004E2536 /* ControlCenterView.swift in Sources */ = {isa = PBXBuildFile; fileRef = 4AA331B821EB3EB1004E2536 /* ControlCenterView.swift */; };
		4AA331BC21EB3EF8004E2536 /* UIView+.swift in Sources */ = {isa = PBXBuildFile; fileRef = 4AA331BA21EB3EF8004E2536 /* UIView+.swift */; };
		4AA331BD21EB3EF8004E2536 /* UIColor+.swift in Sources */ = {isa = PBXBuildFile; fileRef = 4AA331BB21EB3EF8004E2536 /* UIColor+.swift */; };
		4AA331BF21EB7119004E2536 /* realmData.swift in Sources */ = {isa = PBXBuildFile; fileRef = 4AA331BE21EB7119004E2536 /* realmData.swift */; };
		4AA331C321EB8E74004E2536 /* CalenderView.swift in Sources */ = {isa = PBXBuildFile; fileRef = 4AA331C021EB8E73004E2536 /* CalenderView.swift */; };
		4AA331C421EB8E74004E2536 /* MonthView.swift in Sources */ = {isa = PBXBuildFile; fileRef = 4AA331C121EB8E74004E2536 /* MonthView.swift */; };
		4AA331C521EB8E74004E2536 /* WeekdaysView.swift in Sources */ = {isa = PBXBuildFile; fileRef = 4AA331C221EB8E74004E2536 /* WeekdaysView.swift */; };
		4AA331C721EB8EB0004E2536 /* AddTripDateViewController.swift in Sources */ = {isa = PBXBuildFile; fileRef = 4AA331C621EB8EB0004E2536 /* AddTripDateViewController.swift */; };
		4ABF96B1223BEA0E006FFD40 /* settingVM.swift in Sources */ = {isa = PBXBuildFile; fileRef = 4ABF96B0223BEA0E006FFD40 /* settingVM.swift */; };
		4AC7103C21EE10C600B20448 /* TripDetailMainViewController.swift in Sources */ = {isa = PBXBuildFile; fileRef = 4AC7103B21EE10C600B20448 /* TripDetailMainViewController.swift */; };
		4AC7103E21EE110C00B20448 /* detailTest.xib in Resources */ = {isa = PBXBuildFile; fileRef = 4AC7103D21EE110C00B20448 /* detailTest.xib */; };
		4AC7104021EE566300B20448 /* AddDetailTableViewCell.swift in Sources */ = {isa = PBXBuildFile; fileRef = 4AC7103F21EE566300B20448 /* AddDetailTableViewCell.swift */; };
		4AC7104221EF9DF300B20448 /* AddDetailTableViewCellInsideTableViewCell.swift in Sources */ = {isa = PBXBuildFile; fileRef = 4AC7104121EF9DF300B20448 /* AddDetailTableViewCellInsideTableViewCell.swift */; };
		4AC7107421EFD5B200B20448 /* UIDevice+.swfit in Sources */ = {isa = PBXBuildFile; fileRef = 4AC7107321EFD5B200B20448 /* UIDevice+.swfit */; };
		4AC710AA21F0C6C900B20448 /* AddTripViewController.swift in Sources */ = {isa = PBXBuildFile; fileRef = 4AC710A921F0C6C900B20448 /* AddTripViewController.swift */; };
		4AC710AD21F0D39900B20448 /* PlaceSearchTableViewCell.swift in Sources */ = {isa = PBXBuildFile; fileRef = 4AC710AC21F0D39900B20448 /* PlaceSearchTableViewCell.swift */; };
		4AC710AF21F0EB3900B20448 /* AddTripCheckMapViewController.swift in Sources */ = {isa = PBXBuildFile; fileRef = 4AC710AE21F0EB3900B20448 /* AddTripCheckMapViewController.swift */; };
		4AC710B121F0EE1400B20448 /* struct.swift in Sources */ = {isa = PBXBuildFile; fileRef = 4AC710B021F0EE1400B20448 /* struct.swift */; };
		4AC710B321F103EF00B20448 /* TripDescriptionView.swift in Sources */ = {isa = PBXBuildFile; fileRef = 4AC710B221F103EF00B20448 /* TripDescriptionView.swift */; };
		4ACC7003222AC9DC004095DA /* PastTripViewController.swift in Sources */ = {isa = PBXBuildFile; fileRef = 4ACC7002222AC9DC004095DA /* PastTripViewController.swift */; };
		4ACC7007222ACA04004095DA /* pastVM.swift in Sources */ = {isa = PBXBuildFile; fileRef = 4ACC7006222ACA04004095DA /* pastVM.swift */; };
		7D03764E24BB86670071124E /* DateCell.swift in Sources */ = {isa = PBXBuildFile; fileRef = 7D03764D24BB86660071124E /* DateCell.swift */; };
		7D03765024BB8B640071124E /* UIButton+.swift in Sources */ = {isa = PBXBuildFile; fileRef = 7D03764F24BB8B640071124E /* UIButton+.swift */; };
		7D03765224BB8B8A0071124E /* String+.swift in Sources */ = {isa = PBXBuildFile; fileRef = 7D03765124BB8B8A0071124E /* String+.swift */; };
		7D0C030F22EB5FA5001FD837 /* TabbarController.swift in Sources */ = {isa = PBXBuildFile; fileRef = 7D0C030E22EB5FA5001FD837 /* TabbarController.swift */; };
		7D0C031522EB7122001FD837 /* SettingTableViewCell.swift in Sources */ = {isa = PBXBuildFile; fileRef = 7D0C031422EB7122001FD837 /* SettingTableViewCell.swift */; };
		7D1D587B237A9AD20007E2F3 /* UICollectionView+.swift in Sources */ = {isa = PBXBuildFile; fileRef = 7D1D587A237A9AD20007E2F3 /* UICollectionView+.swift */; };
		7D1D587E237A9BCA0007E2F3 /* PastTripEmptyView.swift in Sources */ = {isa = PBXBuildFile; fileRef = 7D1D587D237A9BCA0007E2F3 /* PastTripEmptyView.swift */; };
		7D1F73A322F6B73F000AA055 /* ViewControllerDelegate.swift in Sources */ = {isa = PBXBuildFile; fileRef = 7D1F73A222F6B73F000AA055 /* ViewControllerDelegate.swift */; };
		7D1F73A522F6B75E000AA055 /* Singleton.swift in Sources */ = {isa = PBXBuildFile; fileRef = 7D1F73A422F6B75E000AA055 /* Singleton.swift */; };
		7D276DF124BCC2BE00CA4554 /* TripRouteViewController.swift in Sources */ = {isa = PBXBuildFile; fileRef = 7D276DF024BCC2BE00CA4554 /* TripRouteViewController.swift */; };
		7D276DF324BCC2CB00CA4554 /* TripRouteViewModel.swift in Sources */ = {isa = PBXBuildFile; fileRef = 7D276DF224BCC2CB00CA4554 /* TripRouteViewModel.swift */; };
		7D72596622FFEF080034FA8E /* ExchangeView.swift in Sources */ = {isa = PBXBuildFile; fileRef = 7D72596522FFEF080034FA8E /* ExchangeView.swift */; };
		7D72596A22FFEFA50034FA8E /* ExchangeSelectCountryViewController.swift in Sources */ = {isa = PBXBuildFile; fileRef = 7D72596922FFEFA50034FA8E /* ExchangeSelectCountryViewController.swift */; };
		7D72596D22FFF0F90034FA8E /* exchangeCell.swift in Sources */ = {isa = PBXBuildFile; fileRef = 7D72596C22FFF0F90034FA8E /* exchangeCell.swift */; };
		7D72596F230062530034FA8E /* OpenSourceLicenseViewModel.swift in Sources */ = {isa = PBXBuildFile; fileRef = 7D72596E230062530034FA8E /* OpenSourceLicenseViewModel.swift */; };
		7D725971230062850034FA8E /* OpenSourceLicenseModel.swift in Sources */ = {isa = PBXBuildFile; fileRef = 7D725970230062850034FA8E /* OpenSourceLicenseModel.swift */; };
		7D725973230062EB0034FA8E /* OpenSourceCell.swift in Sources */ = {isa = PBXBuildFile; fileRef = 7D725972230062EB0034FA8E /* OpenSourceCell.swift */; };
		7D72597523017F000034FA8E /* AccountViewModel.swift in Sources */ = {isa = PBXBuildFile; fileRef = 7D72597423017EFF0034FA8E /* AccountViewModel.swift */; };
		7D7259792301A7270034FA8E /* DirectAddAccountModel.swift in Sources */ = {isa = PBXBuildFile; fileRef = 7D7259782301A7270034FA8E /* DirectAddAccountModel.swift */; };
		7D72597B2301A7750034FA8E /* DirectAddAccountViewModel.swift in Sources */ = {isa = PBXBuildFile; fileRef = 7D72597A2301A7750034FA8E /* DirectAddAccountViewModel.swift */; };
		7D72597E2301AC800034FA8E /* DirectAddAccountCell.swift in Sources */ = {isa = PBXBuildFile; fileRef = 7D72597D2301AC800034FA8E /* DirectAddAccountCell.swift */; };
		7D72598023023AB80034FA8E /* ExchangeSelectViewModel.swift in Sources */ = {isa = PBXBuildFile; fileRef = 7D72597F23023AB70034FA8E /* ExchangeSelectViewModel.swift */; };
		7D72671022E33EB500589C82 /* settingModel.swift in Sources */ = {isa = PBXBuildFile; fileRef = 7D72670F22E33EB400589C82 /* settingModel.swift */; };
		7D72931A2309252A00578A5F /* AccountMainViewController.swift in Sources */ = {isa = PBXBuildFile; fileRef = 7D7293192309252A00578A5F /* AccountMainViewController.swift */; };
		7D72931C23097CBA00578A5F /* UITableView+.swift in Sources */ = {isa = PBXBuildFile; fileRef = 7D72931B23097CBA00578A5F /* UITableView+.swift */; };
		7D72931E23097CF400578A5F /* Reactive+.swift in Sources */ = {isa = PBXBuildFile; fileRef = 7D72931D23097CF400578A5F /* Reactive+.swift */; };
		7D7394192308226E00FBA898 /* HomeMainViewController.swift in Sources */ = {isa = PBXBuildFile; fileRef = 7D7394182308226E00FBA898 /* HomeMainViewController.swift */; };
		7D763DF323DAA9540006FF6E /* TripDetailPopupViewController.swift in Sources */ = {isa = PBXBuildFile; fileRef = 7D763DF223DAA9530006FF6E /* TripDetailPopupViewController.swift */; };
		7D763E3B23DDB47A0006FF6E /* TripDetailSpecificDayViewController.swift in Sources */ = {isa = PBXBuildFile; fileRef = 7D763E3A23DDB47A0006FF6E /* TripDetailSpecificDayViewController.swift */; };
		7D895C4423CF3E67001AB3B6 /* Appdelegate.swift in Sources */ = {isa = PBXBuildFile; fileRef = 7D895C4323CF3E67001AB3B6 /* Appdelegate.swift */; };
		7D895C4723CF6774001AB3B6 /* HomeViewModel.swift in Sources */ = {isa = PBXBuildFile; fileRef = 7D895C4623CF6774001AB3B6 /* HomeViewModel.swift */; };
		7D895C4923CF6B6C001AB3B6 /* HomeModelService.swift in Sources */ = {isa = PBXBuildFile; fileRef = 7D895C4823CF6B6C001AB3B6 /* HomeModelService.swift */; };
		7D895C4C23CF6FF2001AB3B6 /* HomeTripEmptyView.swift in Sources */ = {isa = PBXBuildFile; fileRef = 7D895C4B23CF6FF2001AB3B6 /* HomeTripEmptyView.swift */; };
		7D895C6423D2E235001AB3B6 /* CustomNavigationContoller.swift in Sources */ = {isa = PBXBuildFile; fileRef = 7D895C6323D2E235001AB3B6 /* CustomNavigationContoller.swift */; };
		7D895C6723D2E4C4001AB3B6 /* BaseUIViewController.swift in Sources */ = {isa = PBXBuildFile; fileRef = 7D895C6623D2E4C4001AB3B6 /* BaseUIViewController.swift */; };
		7D895C6923D2E4ED001AB3B6 /* DismissNavigationBar.swift in Sources */ = {isa = PBXBuildFile; fileRef = 7D895C6823D2E4ED001AB3B6 /* DismissNavigationBar.swift */; };
		7D895C6C23D2E509001AB3B6 /* PopNavigationBar.swift in Sources */ = {isa = PBXBuildFile; fileRef = 7D895C6B23D2E509001AB3B6 /* PopNavigationBar.swift */; };
		7D895C6E23D2F2F9001AB3B6 /* AddTripViewController_New.swift in Sources */ = {isa = PBXBuildFile; fileRef = 7D895C6D23D2F2F9001AB3B6 /* AddTripViewController_New.swift */; };
		7D895C7123D32F72001AB3B6 /* TextFieldWithDescriptionView.swift in Sources */ = {isa = PBXBuildFile; fileRef = 7D895C7023D32F72001AB3B6 /* TextFieldWithDescriptionView.swift */; };
		7D895C7423D342DF001AB3B6 /* AddTripViewModel.swift in Sources */ = {isa = PBXBuildFile; fileRef = 7D895C7323D342DF001AB3B6 /* AddTripViewModel.swift */; };
		7D895C7623D3568A001AB3B6 /* BottomButton.swift in Sources */ = {isa = PBXBuildFile; fileRef = 7D895C7523D3568A001AB3B6 /* BottomButton.swift */; };
		7D895C7823D43307001AB3B6 /* UIViewController+.swift in Sources */ = {isa = PBXBuildFile; fileRef = 7D895C7723D43307001AB3B6 /* UIViewController+.swift */; };
		7D895C7A23D4368B001AB3B6 /* AddTripDateViewModel.swift in Sources */ = {isa = PBXBuildFile; fileRef = 7D895C7923D4368B001AB3B6 /* AddTripDateViewModel.swift */; };
		7D8DBB9522F0A230008C20E9 /* OpenSourceLicenseViewController.swift in Sources */ = {isa = PBXBuildFile; fileRef = 7D8DBB9422F0A230008C20E9 /* OpenSourceLicenseViewController.swift */; };
		7D95E21B22EC59B1008CEC0B /* GOtravelUITests.swift in Sources */ = {isa = PBXBuildFile; fileRef = 7D95E21A22EC59B1008CEC0B /* GOtravelUITests.swift */; };
		7D95E22322EC59C0008CEC0B /* SnapshotHelper.swift in Sources */ = {isa = PBXBuildFile; fileRef = 7D95E22222EC59BF008CEC0B /* SnapshotHelper.swift */; };
		7D9E123A241689F00061E7BF /* TextField.swift in Sources */ = {isa = PBXBuildFile; fileRef = 7D9E1239241689EF0061E7BF /* TextField.swift */; };
		7D9E123C241A69930061E7BF /* DirectAddReceiptViewController.swift in Sources */ = {isa = PBXBuildFile; fileRef = 7D9E123B241A69930061E7BF /* DirectAddReceiptViewController.swift */; };
		7DB3FF8823057EB4007A180B /* Formatter+.swift in Sources */ = {isa = PBXBuildFile; fileRef = 7DB3FF8723057EB4007A180B /* Formatter+.swift */; };
		7DBA0D93242CF9DD00C248E4 /* HomeMainView.swift in Sources */ = {isa = PBXBuildFile; fileRef = 7DBA0D92242CF9DD00C248E4 /* HomeMainView.swift */; };
		7DBA0D95242E1BED00C248E4 /* RealmManager.swift in Sources */ = {isa = PBXBuildFile; fileRef = 7DBA0D94242E1BED00C248E4 /* RealmManager.swift */; };
		7DBA0D97242E2A3500C248E4 /* AccountMainViewModel.swift in Sources */ = {isa = PBXBuildFile; fileRef = 7DBA0D96242E2A3500C248E4 /* AccountMainViewModel.swift */; };
		7DBA0D9B242F932900C248E4 /* ExchangeCountry.swift in Sources */ = {isa = PBXBuildFile; fileRef = 7DBA0D9A242F932900C248E4 /* ExchangeCountry.swift */; };
		7DBA0D9E242F938D00C248E4 /* Constant.swift in Sources */ = {isa = PBXBuildFile; fileRef = 7DBA0D9D242F938D00C248E4 /* Constant.swift */; };
		7DBA0DA2242F955A00C248E4 /* ExchangeData.swift in Sources */ = {isa = PBXBuildFile; fileRef = 7DBA0DA1242F955A00C248E4 /* ExchangeData.swift */; };
		7DBA0DA4242F975C00C248E4 /* ColorCollectionViewCell.swift in Sources */ = {isa = PBXBuildFile; fileRef = 7DBA0DA3242F975C00C248E4 /* ColorCollectionViewCell.swift */; };
		7DBC1D6E2428EAE90011ED2B /* DirectAddReceiptViewModel.swift in Sources */ = {isa = PBXBuildFile; fileRef = 7DBC1D6D2428EAE90011ED2B /* DirectAddReceiptViewModel.swift */; };
		7DBC1D702428F1D40011ED2B /* DireactAddReceiptPriceViewController.swift in Sources */ = {isa = PBXBuildFile; fileRef = 7DBC1D6F2428F1D40011ED2B /* DireactAddReceiptPriceViewController.swift */; };
		7DBC1D7224290B4B0011ED2B /* DirectAddReceiptPriceViewModel.swift in Sources */ = {isa = PBXBuildFile; fileRef = 7DBC1D7124290B4B0011ED2B /* DirectAddReceiptPriceViewModel.swift */; };
		7DE3E44722F6D60E0056311E /* Main.storyboard in Resources */ = {isa = PBXBuildFile; fileRef = 4A969BF721E5A2F00016DB49 /* Main.storyboard */; };
		7DE3E44822F6D6120056311E /* LaunchScreen.storyboard in Resources */ = {isa = PBXBuildFile; fileRef = 4A969BFC21E5A2F50016DB49 /* LaunchScreen.storyboard */; };
		7DFC580B22FEF186002BFD86 /* CALayer+.swift in Sources */ = {isa = PBXBuildFile; fileRef = 7DFC580A22FEF186002BFD86 /* CALayer+.swift */; };
		7DFC580F22FEF402002BFD86 /* ExchangeRateCell.swift in Sources */ = {isa = PBXBuildFile; fileRef = 7DFC580E22FEF402002BFD86 /* ExchangeRateCell.swift */; };
		7DFC581122FF05E5002BFD86 /* DirectAddExchangeViewController.swift in Sources */ = {isa = PBXBuildFile; fileRef = 7DFC581022FF05E5002BFD86 /* DirectAddExchangeViewController.swift */; };
		7DFC581422FF0D27002BFD86 /* CustomNavigationBarView.swift in Sources */ = {isa = PBXBuildFile; fileRef = 7DFC581322FF0D27002BFD86 /* CustomNavigationBarView.swift */; };
		7DFC581622FF0DEA002BFD86 /* UIFont+.swift in Sources */ = {isa = PBXBuildFile; fileRef = 7DFC581522FF0DEA002BFD86 /* UIFont+.swift */; };
		7DFC581822FF120E002BFD86 /* LineAnimateTextFieldView.swift in Sources */ = {isa = PBXBuildFile; fileRef = 7DFC581722FF120E002BFD86 /* LineAnimateTextFieldView.swift */; };
		7DFC581A22FF29BD002BFD86 /* Toast.swift in Sources */ = {isa = PBXBuildFile; fileRef = 7DFC581922FF29BD002BFD86 /* Toast.swift */; };
		F5B6CF7378640077B7ED2E76 /* Pods_GOtravel.framework in Frameworks */ = {isa = PBXBuildFile; fileRef = 5C8D0EDA739926CE14E7B79C /* Pods_GOtravel.framework */; };
/* End PBXBuildFile section */

/* Begin PBXContainerItemProxy section */
		7D95E21D22EC59B1008CEC0B /* PBXContainerItemProxy */ = {
			isa = PBXContainerItemProxy;
			containerPortal = 4A969BE821E5A2F00016DB49 /* Project object */;
			proxyType = 1;
			remoteGlobalIDString = 4A969BEF21E5A2F00016DB49;
			remoteInfo = GOtravel;
		};
/* End PBXContainerItemProxy section */

/* Begin PBXFileReference section */
		25F8933C8B5A2D51A48C71DA /* Pods-GOtravel.release.xcconfig */ = {isa = PBXFileReference; includeInIndex = 1; lastKnownFileType = text.xcconfig; name = "Pods-GOtravel.release.xcconfig"; path = "Pods/Target Support Files/Pods-GOtravel/Pods-GOtravel.release.xcconfig"; sourceTree = "<group>"; };
		4A0004AE222CF1AC003DEC20 /* SettingViewController.swift */ = {isa = PBXFileReference; lastKnownFileType = sourcecode.swift; path = SettingViewController.swift; sourceTree = "<group>"; };
		4A0004B0222D319F003DEC20 /* SettingView.swift */ = {isa = PBXFileReference; lastKnownFileType = sourcecode.swift; path = SettingView.swift; sourceTree = "<group>"; };
		4A38F3D921EA80820097914B /* mymain.xib */ = {isa = PBXFileReference; lastKnownFileType = file.xib; path = mymain.xib; sourceTree = "<group>"; };
		4A3A17E021F1C8B500313077 /* Date+.swift */ = {isa = PBXFileReference; lastKnownFileType = sourcecode.swift; path = "Date+.swift"; sourceTree = "<group>"; };
		4A5B322621F6913E0007AB21 /* DefaultStyle.swift */ = {isa = PBXFileReference; lastKnownFileType = sourcecode.swift; path = DefaultStyle.swift; sourceTree = "<group>"; };
		4A5F61E6220C9C3800531239 /* HomeVM.swift */ = {isa = PBXFileReference; lastKnownFileType = sourcecode.swift; path = HomeVM.swift; sourceTree = "<group>"; };
		4A5F9CB0220495F50097C5C1 /* exchangeCell.swift */ = {isa = PBXFileReference; lastKnownFileType = sourcecode.swift; path = exchangeCell.swift; sourceTree = "<group>"; };
		4A779F5121E7C24B00CCE52F /* MKPlacemark+.swift */ = {isa = PBXFileReference; fileEncoding = 4; lastKnownFileType = sourcecode.swift; path = "MKPlacemark+.swift"; sourceTree = "<group>"; };
		4A969BF021E5A2F00016DB49 /* GOtravel.app */ = {isa = PBXFileReference; explicitFileType = wrapper.application; includeInIndex = 0; path = GOtravel.app; sourceTree = BUILT_PRODUCTS_DIR; };
		4A969BF821E5A2F00016DB49 /* Base */ = {isa = PBXFileReference; lastKnownFileType = file.storyboard; name = Base; path = Base.lproj/Main.storyboard; sourceTree = "<group>"; };
		4A969BFA21E5A2F50016DB49 /* Assets.xcassets */ = {isa = PBXFileReference; lastKnownFileType = folder.assetcatalog; path = Assets.xcassets; sourceTree = "<group>"; };
		4A969BFD21E5A2F50016DB49 /* Base */ = {isa = PBXFileReference; lastKnownFileType = file.storyboard; name = Base; path = Base.lproj/LaunchScreen.storyboard; sourceTree = "<group>"; };
		4A969BFF21E5A2F50016DB49 /* Info.plist */ = {isa = PBXFileReference; lastKnownFileType = text.plist.xml; path = Info.plist; sourceTree = "<group>"; };
		4AA331B421EB3D92004E2536 /* TripCell.swift */ = {isa = PBXFileReference; fileEncoding = 4; lastKnownFileType = sourcecode.swift; name = TripCell.swift; path = "../New Group1/TripCell.swift"; sourceTree = "<group>"; };
		4AA331B821EB3EB1004E2536 /* ControlCenterView.swift */ = {isa = PBXFileReference; fileEncoding = 4; lastKnownFileType = sourcecode.swift; path = ControlCenterView.swift; sourceTree = "<group>"; };
		4AA331BA21EB3EF8004E2536 /* UIView+.swift */ = {isa = PBXFileReference; fileEncoding = 4; lastKnownFileType = sourcecode.swift; path = "UIView+.swift"; sourceTree = "<group>"; };
		4AA331BB21EB3EF8004E2536 /* UIColor+.swift */ = {isa = PBXFileReference; fileEncoding = 4; lastKnownFileType = sourcecode.swift; path = "UIColor+.swift"; sourceTree = "<group>"; };
		4AA331BE21EB7119004E2536 /* realmData.swift */ = {isa = PBXFileReference; lastKnownFileType = sourcecode.swift; path = realmData.swift; sourceTree = "<group>"; };
		4AA331C021EB8E73004E2536 /* CalenderView.swift */ = {isa = PBXFileReference; fileEncoding = 4; lastKnownFileType = sourcecode.swift; path = CalenderView.swift; sourceTree = "<group>"; };
		4AA331C121EB8E74004E2536 /* MonthView.swift */ = {isa = PBXFileReference; fileEncoding = 4; lastKnownFileType = sourcecode.swift; path = MonthView.swift; sourceTree = "<group>"; };
		4AA331C221EB8E74004E2536 /* WeekdaysView.swift */ = {isa = PBXFileReference; fileEncoding = 4; lastKnownFileType = sourcecode.swift; path = WeekdaysView.swift; sourceTree = "<group>"; };
		4AA331C621EB8EB0004E2536 /* AddTripDateViewController.swift */ = {isa = PBXFileReference; lastKnownFileType = sourcecode.swift; path = AddTripDateViewController.swift; sourceTree = "<group>"; };
		4ABF96B0223BEA0E006FFD40 /* settingVM.swift */ = {isa = PBXFileReference; lastKnownFileType = sourcecode.swift; path = settingVM.swift; sourceTree = "<group>"; };
		4AC7103B21EE10C600B20448 /* TripDetailMainViewController.swift */ = {isa = PBXFileReference; lastKnownFileType = sourcecode.swift; path = TripDetailMainViewController.swift; sourceTree = "<group>"; };
		4AC7103D21EE110C00B20448 /* detailTest.xib */ = {isa = PBXFileReference; lastKnownFileType = file.xib; path = detailTest.xib; sourceTree = "<group>"; };
		4AC7103F21EE566300B20448 /* AddDetailTableViewCell.swift */ = {isa = PBXFileReference; lastKnownFileType = sourcecode.swift; path = AddDetailTableViewCell.swift; sourceTree = "<group>"; };
		4AC7104121EF9DF300B20448 /* AddDetailTableViewCellInsideTableViewCell.swift */ = {isa = PBXFileReference; lastKnownFileType = sourcecode.swift; path = AddDetailTableViewCellInsideTableViewCell.swift; sourceTree = "<group>"; };
		4AC7107321EFD5B200B20448 /* UIDevice+.swfit */ = {isa = PBXFileReference; lastKnownFileType = text; path = "UIDevice+.swfit"; sourceTree = "<group>"; };
		4AC710A921F0C6C900B20448 /* AddTripViewController.swift */ = {isa = PBXFileReference; lastKnownFileType = sourcecode.swift; path = AddTripViewController.swift; sourceTree = "<group>"; };
		4AC710AC21F0D39900B20448 /* PlaceSearchTableViewCell.swift */ = {isa = PBXFileReference; lastKnownFileType = sourcecode.swift; path = PlaceSearchTableViewCell.swift; sourceTree = "<group>"; };
		4AC710AE21F0EB3900B20448 /* AddTripCheckMapViewController.swift */ = {isa = PBXFileReference; lastKnownFileType = sourcecode.swift; path = AddTripCheckMapViewController.swift; sourceTree = "<group>"; };
		4AC710B021F0EE1400B20448 /* struct.swift */ = {isa = PBXFileReference; lastKnownFileType = sourcecode.swift; path = struct.swift; sourceTree = "<group>"; };
		4AC710B221F103EF00B20448 /* TripDescriptionView.swift */ = {isa = PBXFileReference; lastKnownFileType = sourcecode.swift; path = TripDescriptionView.swift; sourceTree = "<group>"; };
		4ACC7002222AC9DC004095DA /* PastTripViewController.swift */ = {isa = PBXFileReference; lastKnownFileType = sourcecode.swift; path = PastTripViewController.swift; sourceTree = "<group>"; };
		4ACC7006222ACA04004095DA /* pastVM.swift */ = {isa = PBXFileReference; lastKnownFileType = sourcecode.swift; path = pastVM.swift; sourceTree = "<group>"; };
		5C8D0EDA739926CE14E7B79C /* Pods_GOtravel.framework */ = {isa = PBXFileReference; explicitFileType = wrapper.framework; includeInIndex = 0; path = Pods_GOtravel.framework; sourceTree = BUILT_PRODUCTS_DIR; };
		7D03764D24BB86660071124E /* DateCell.swift */ = {isa = PBXFileReference; lastKnownFileType = sourcecode.swift; path = DateCell.swift; sourceTree = "<group>"; };
		7D03764F24BB8B640071124E /* UIButton+.swift */ = {isa = PBXFileReference; lastKnownFileType = sourcecode.swift; path = "UIButton+.swift"; sourceTree = "<group>"; };
		7D03765124BB8B8A0071124E /* String+.swift */ = {isa = PBXFileReference; lastKnownFileType = sourcecode.swift; path = "String+.swift"; sourceTree = "<group>"; };
		7D0C030E22EB5FA5001FD837 /* TabbarController.swift */ = {isa = PBXFileReference; lastKnownFileType = sourcecode.swift; path = TabbarController.swift; sourceTree = "<group>"; };
		7D0C031422EB7122001FD837 /* SettingTableViewCell.swift */ = {isa = PBXFileReference; lastKnownFileType = sourcecode.swift; name = SettingTableViewCell.swift; path = "../New Group/SettingTableViewCell.swift"; sourceTree = "<group>"; };
		7D1D587A237A9AD20007E2F3 /* UICollectionView+.swift */ = {isa = PBXFileReference; lastKnownFileType = sourcecode.swift; path = "UICollectionView+.swift"; sourceTree = "<group>"; };
		7D1D587D237A9BCA0007E2F3 /* PastTripEmptyView.swift */ = {isa = PBXFileReference; lastKnownFileType = sourcecode.swift; path = PastTripEmptyView.swift; sourceTree = "<group>"; };
		7D1F73A222F6B73F000AA055 /* ViewControllerDelegate.swift */ = {isa = PBXFileReference; fileEncoding = 4; lastKnownFileType = sourcecode.swift; path = ViewControllerDelegate.swift; sourceTree = "<group>"; };
		7D1F73A422F6B75E000AA055 /* Singleton.swift */ = {isa = PBXFileReference; fileEncoding = 4; lastKnownFileType = sourcecode.swift; path = Singleton.swift; sourceTree = "<group>"; };
		7D276DF024BCC2BE00CA4554 /* TripRouteViewController.swift */ = {isa = PBXFileReference; lastKnownFileType = sourcecode.swift; path = TripRouteViewController.swift; sourceTree = "<group>"; };
		7D276DF224BCC2CB00CA4554 /* TripRouteViewModel.swift */ = {isa = PBXFileReference; lastKnownFileType = sourcecode.swift; path = TripRouteViewModel.swift; sourceTree = "<group>"; };
		7D72596522FFEF080034FA8E /* ExchangeView.swift */ = {isa = PBXFileReference; fileEncoding = 4; lastKnownFileType = sourcecode.swift; path = ExchangeView.swift; sourceTree = "<group>"; };
		7D72596922FFEFA50034FA8E /* ExchangeSelectCountryViewController.swift */ = {isa = PBXFileReference; fileEncoding = 4; lastKnownFileType = sourcecode.swift; path = ExchangeSelectCountryViewController.swift; sourceTree = "<group>"; };
		7D72596C22FFF0F90034FA8E /* exchangeCell.swift */ = {isa = PBXFileReference; fileEncoding = 4; lastKnownFileType = sourcecode.swift; path = exchangeCell.swift; sourceTree = "<group>"; };
		7D72596E230062530034FA8E /* OpenSourceLicenseViewModel.swift */ = {isa = PBXFileReference; lastKnownFileType = sourcecode.swift; path = OpenSourceLicenseViewModel.swift; sourceTree = "<group>"; };
		7D725970230062850034FA8E /* OpenSourceLicenseModel.swift */ = {isa = PBXFileReference; lastKnownFileType = sourcecode.swift; path = OpenSourceLicenseModel.swift; sourceTree = "<group>"; };
		7D725972230062EB0034FA8E /* OpenSourceCell.swift */ = {isa = PBXFileReference; lastKnownFileType = sourcecode.swift; path = OpenSourceCell.swift; sourceTree = "<group>"; };
		7D72597423017EFF0034FA8E /* AccountViewModel.swift */ = {isa = PBXFileReference; lastKnownFileType = sourcecode.swift; path = AccountViewModel.swift; sourceTree = "<group>"; };
		7D7259782301A7270034FA8E /* DirectAddAccountModel.swift */ = {isa = PBXFileReference; lastKnownFileType = sourcecode.swift; path = DirectAddAccountModel.swift; sourceTree = "<group>"; };
		7D72597A2301A7750034FA8E /* DirectAddAccountViewModel.swift */ = {isa = PBXFileReference; lastKnownFileType = sourcecode.swift; path = DirectAddAccountViewModel.swift; sourceTree = "<group>"; };
		7D72597D2301AC800034FA8E /* DirectAddAccountCell.swift */ = {isa = PBXFileReference; lastKnownFileType = sourcecode.swift; path = DirectAddAccountCell.swift; sourceTree = "<group>"; };
		7D72597F23023AB70034FA8E /* ExchangeSelectViewModel.swift */ = {isa = PBXFileReference; lastKnownFileType = sourcecode.swift; path = ExchangeSelectViewModel.swift; sourceTree = "<group>"; };
		7D72670F22E33EB400589C82 /* settingModel.swift */ = {isa = PBXFileReference; lastKnownFileType = sourcecode.swift; path = settingModel.swift; sourceTree = "<group>"; };
		7D7293192309252A00578A5F /* AccountMainViewController.swift */ = {isa = PBXFileReference; lastKnownFileType = sourcecode.swift; path = AccountMainViewController.swift; sourceTree = "<group>"; };
		7D72931B23097CBA00578A5F /* UITableView+.swift */ = {isa = PBXFileReference; lastKnownFileType = sourcecode.swift; path = "UITableView+.swift"; sourceTree = "<group>"; };
		7D72931D23097CF400578A5F /* Reactive+.swift */ = {isa = PBXFileReference; lastKnownFileType = sourcecode.swift; path = "Reactive+.swift"; sourceTree = "<group>"; };
		7D7394182308226E00FBA898 /* HomeMainViewController.swift */ = {isa = PBXFileReference; lastKnownFileType = sourcecode.swift; path = HomeMainViewController.swift; sourceTree = "<group>"; };
		7D763DF223DAA9530006FF6E /* TripDetailPopupViewController.swift */ = {isa = PBXFileReference; lastKnownFileType = sourcecode.swift; path = TripDetailPopupViewController.swift; sourceTree = "<group>"; };
		7D763E3A23DDB47A0006FF6E /* TripDetailSpecificDayViewController.swift */ = {isa = PBXFileReference; lastKnownFileType = sourcecode.swift; path = TripDetailSpecificDayViewController.swift; sourceTree = "<group>"; };
		7D895C4323CF3E67001AB3B6 /* Appdelegate.swift */ = {isa = PBXFileReference; lastKnownFileType = sourcecode.swift; name = Appdelegate.swift; path = ../GoTravel/Appdelegate.swift; sourceTree = "<group>"; };
		7D895C4623CF6774001AB3B6 /* HomeViewModel.swift */ = {isa = PBXFileReference; lastKnownFileType = sourcecode.swift; path = HomeViewModel.swift; sourceTree = "<group>"; };
		7D895C4823CF6B6C001AB3B6 /* HomeModelService.swift */ = {isa = PBXFileReference; lastKnownFileType = sourcecode.swift; path = HomeModelService.swift; sourceTree = "<group>"; };
		7D895C4B23CF6FF2001AB3B6 /* HomeTripEmptyView.swift */ = {isa = PBXFileReference; lastKnownFileType = sourcecode.swift; path = HomeTripEmptyView.swift; sourceTree = "<group>"; };
		7D895C6323D2E235001AB3B6 /* CustomNavigationContoller.swift */ = {isa = PBXFileReference; lastKnownFileType = sourcecode.swift; path = CustomNavigationContoller.swift; sourceTree = "<group>"; };
		7D895C6623D2E4C4001AB3B6 /* BaseUIViewController.swift */ = {isa = PBXFileReference; lastKnownFileType = sourcecode.swift; path = BaseUIViewController.swift; sourceTree = "<group>"; };
		7D895C6823D2E4ED001AB3B6 /* DismissNavigationBar.swift */ = {isa = PBXFileReference; lastKnownFileType = sourcecode.swift; path = DismissNavigationBar.swift; sourceTree = "<group>"; };
		7D895C6B23D2E509001AB3B6 /* PopNavigationBar.swift */ = {isa = PBXFileReference; lastKnownFileType = sourcecode.swift; path = PopNavigationBar.swift; sourceTree = "<group>"; };
		7D895C6D23D2F2F9001AB3B6 /* AddTripViewController_New.swift */ = {isa = PBXFileReference; lastKnownFileType = sourcecode.swift; path = AddTripViewController_New.swift; sourceTree = "<group>"; };
		7D895C7023D32F72001AB3B6 /* TextFieldWithDescriptionView.swift */ = {isa = PBXFileReference; lastKnownFileType = sourcecode.swift; path = TextFieldWithDescriptionView.swift; sourceTree = "<group>"; };
		7D895C7323D342DF001AB3B6 /* AddTripViewModel.swift */ = {isa = PBXFileReference; lastKnownFileType = sourcecode.swift; path = AddTripViewModel.swift; sourceTree = "<group>"; };
		7D895C7523D3568A001AB3B6 /* BottomButton.swift */ = {isa = PBXFileReference; lastKnownFileType = sourcecode.swift; path = BottomButton.swift; sourceTree = "<group>"; };
		7D895C7723D43307001AB3B6 /* UIViewController+.swift */ = {isa = PBXFileReference; lastKnownFileType = sourcecode.swift; path = "UIViewController+.swift"; sourceTree = "<group>"; };
		7D895C7923D4368B001AB3B6 /* AddTripDateViewModel.swift */ = {isa = PBXFileReference; lastKnownFileType = sourcecode.swift; path = AddTripDateViewModel.swift; sourceTree = "<group>"; };
		7D8DBB9422F0A230008C20E9 /* OpenSourceLicenseViewController.swift */ = {isa = PBXFileReference; lastKnownFileType = sourcecode.swift; name = OpenSourceLicenseViewController.swift; path = ../OpenSourceLicenseViewController.swift; sourceTree = "<group>"; };
		7D95E21822EC59B1008CEC0B /* GOtravelUITests.xctest */ = {isa = PBXFileReference; explicitFileType = wrapper.cfbundle; includeInIndex = 0; path = GOtravelUITests.xctest; sourceTree = BUILT_PRODUCTS_DIR; };
		7D95E21A22EC59B1008CEC0B /* GOtravelUITests.swift */ = {isa = PBXFileReference; lastKnownFileType = sourcecode.swift; path = GOtravelUITests.swift; sourceTree = "<group>"; };
		7D95E21C22EC59B1008CEC0B /* Info.plist */ = {isa = PBXFileReference; lastKnownFileType = text.plist.xml; path = Info.plist; sourceTree = "<group>"; };
		7D95E22222EC59BF008CEC0B /* SnapshotHelper.swift */ = {isa = PBXFileReference; fileEncoding = 4; lastKnownFileType = sourcecode.swift; name = SnapshotHelper.swift; path = fastlane/SnapshotHelper.swift; sourceTree = SOURCE_ROOT; };
		7D9E1239241689EF0061E7BF /* TextField.swift */ = {isa = PBXFileReference; lastKnownFileType = sourcecode.swift; path = TextField.swift; sourceTree = "<group>"; };
		7D9E123B241A69930061E7BF /* DirectAddReceiptViewController.swift */ = {isa = PBXFileReference; lastKnownFileType = sourcecode.swift; path = DirectAddReceiptViewController.swift; sourceTree = "<group>"; };
		7DB3FF8723057EB4007A180B /* Formatter+.swift */ = {isa = PBXFileReference; lastKnownFileType = sourcecode.swift; path = "Formatter+.swift"; sourceTree = "<group>"; };
		7DBA0D92242CF9DD00C248E4 /* HomeMainView.swift */ = {isa = PBXFileReference; lastKnownFileType = sourcecode.swift; path = HomeMainView.swift; sourceTree = "<group>"; };
		7DBA0D94242E1BED00C248E4 /* RealmManager.swift */ = {isa = PBXFileReference; lastKnownFileType = sourcecode.swift; path = RealmManager.swift; sourceTree = "<group>"; };
		7DBA0D96242E2A3500C248E4 /* AccountMainViewModel.swift */ = {isa = PBXFileReference; lastKnownFileType = sourcecode.swift; path = AccountMainViewModel.swift; sourceTree = "<group>"; };
		7DBA0D9A242F932900C248E4 /* ExchangeCountry.swift */ = {isa = PBXFileReference; lastKnownFileType = sourcecode.swift; path = ExchangeCountry.swift; sourceTree = "<group>"; };
		7DBA0D9D242F938D00C248E4 /* Constant.swift */ = {isa = PBXFileReference; lastKnownFileType = sourcecode.swift; path = Constant.swift; sourceTree = "<group>"; };
		7DBA0DA1242F955A00C248E4 /* ExchangeData.swift */ = {isa = PBXFileReference; lastKnownFileType = sourcecode.swift; path = ExchangeData.swift; sourceTree = "<group>"; };
		7DBA0DA3242F975C00C248E4 /* ColorCollectionViewCell.swift */ = {isa = PBXFileReference; lastKnownFileType = sourcecode.swift; path = ColorCollectionViewCell.swift; sourceTree = "<group>"; };
		7DBC1D6D2428EAE90011ED2B /* DirectAddReceiptViewModel.swift */ = {isa = PBXFileReference; lastKnownFileType = sourcecode.swift; path = DirectAddReceiptViewModel.swift; sourceTree = "<group>"; };
		7DBC1D6F2428F1D40011ED2B /* DireactAddReceiptPriceViewController.swift */ = {isa = PBXFileReference; lastKnownFileType = sourcecode.swift; path = DireactAddReceiptPriceViewController.swift; sourceTree = "<group>"; };
		7DBC1D7124290B4B0011ED2B /* DirectAddReceiptPriceViewModel.swift */ = {isa = PBXFileReference; lastKnownFileType = sourcecode.swift; path = DirectAddReceiptPriceViewModel.swift; sourceTree = "<group>"; };
		7DFC580A22FEF186002BFD86 /* CALayer+.swift */ = {isa = PBXFileReference; lastKnownFileType = sourcecode.swift; path = "CALayer+.swift"; sourceTree = "<group>"; };
		7DFC580E22FEF402002BFD86 /* ExchangeRateCell.swift */ = {isa = PBXFileReference; lastKnownFileType = sourcecode.swift; path = ExchangeRateCell.swift; sourceTree = "<group>"; };
		7DFC581022FF05E5002BFD86 /* DirectAddExchangeViewController.swift */ = {isa = PBXFileReference; lastKnownFileType = sourcecode.swift; path = DirectAddExchangeViewController.swift; sourceTree = "<group>"; };
		7DFC581322FF0D27002BFD86 /* CustomNavigationBarView.swift */ = {isa = PBXFileReference; lastKnownFileType = sourcecode.swift; path = CustomNavigationBarView.swift; sourceTree = "<group>"; };
		7DFC581522FF0DEA002BFD86 /* UIFont+.swift */ = {isa = PBXFileReference; lastKnownFileType = sourcecode.swift; path = "UIFont+.swift"; sourceTree = "<group>"; };
		7DFC581722FF120E002BFD86 /* LineAnimateTextFieldView.swift */ = {isa = PBXFileReference; lastKnownFileType = sourcecode.swift; path = LineAnimateTextFieldView.swift; sourceTree = "<group>"; };
		7DFC581922FF29BD002BFD86 /* Toast.swift */ = {isa = PBXFileReference; lastKnownFileType = sourcecode.swift; path = Toast.swift; sourceTree = "<group>"; };
		8CB940FE2668A49D19250230 /* Pods-GOtravel.debug.xcconfig */ = {isa = PBXFileReference; includeInIndex = 1; lastKnownFileType = text.xcconfig; name = "Pods-GOtravel.debug.xcconfig"; path = "Pods/Target Support Files/Pods-GOtravel/Pods-GOtravel.debug.xcconfig"; sourceTree = "<group>"; };
/* End PBXFileReference section */

/* Begin PBXFrameworksBuildPhase section */
		4A969BED21E5A2F00016DB49 /* Frameworks */ = {
			isa = PBXFrameworksBuildPhase;
			buildActionMask = 2147483647;
			files = (
				F5B6CF7378640077B7ED2E76 /* Pods_GOtravel.framework in Frameworks */,
			);
			runOnlyForDeploymentPostprocessing = 0;
		};
		7D95E21522EC59B1008CEC0B /* Frameworks */ = {
			isa = PBXFrameworksBuildPhase;
			buildActionMask = 2147483647;
			files = (
			);
			runOnlyForDeploymentPostprocessing = 0;
		};
/* End PBXFrameworksBuildPhase section */

/* Begin PBXGroup section */
		4A0004AD222CF183003DEC20 /* Setting */ = {
			isa = PBXGroup;
			children = (
				4A0004AE222CF1AC003DEC20 /* SettingViewController.swift */,
				4A0004B0222D319F003DEC20 /* SettingView.swift */,
				4ABF96B0223BEA0E006FFD40 /* settingVM.swift */,
				7D72670F22E33EB400589C82 /* settingModel.swift */,
				7D8DBB9422F0A230008C20E9 /* OpenSourceLicenseViewController.swift */,
			);
			path = Setting;
			sourceTree = "<group>";
		};
		4A38F3D621EA618A0097914B /* GoTravel */ = {
			isa = PBXGroup;
			children = (
				7DBA0DA0242F954400C248E4 /* Network */,
				7DBA0D98242F92EF00C248E4 /* Custom */,
				7D8DBB9222F0A19B008C20E9 /* Model */,
				7DFC580922FE6E0F002BFD86 /* TabBar */,
				7D8DBB9122F0A18A008C20E9 /* ViewController */,
				7DFC581222FF0D09002BFD86 /* View */,
				7D8DBB9322F0A1A9008C20E9 /* ViewModel */,
			);
			path = GoTravel;
			sourceTree = "<group>";
		};
		4A38F3DB21EA80920097914B /* Resources */ = {
			isa = PBXGroup;
			children = (
				7D895C4323CF3E67001AB3B6 /* Appdelegate.swift */,
				4AA331D121ECA8EA004E2536 /* storyboard */,
				4A969BFA21E5A2F50016DB49 /* Assets.xcassets */,
			);
			path = Resources;
			sourceTree = "<group>";
		};
		4A5F61EF220C9D9C00531239 /* HomeToDetailV */ = {
			isa = PBXGroup;
			children = (
				4AC7103F21EE566300B20448 /* AddDetailTableViewCell.swift */,
				4AC7104121EF9DF300B20448 /* AddDetailTableViewCellInsideTableViewCell.swift */,
				7DFC580E22FEF402002BFD86 /* ExchangeRateCell.swift */,
			);
			path = HomeToDetailV;
			sourceTree = "<group>";
		};
		4A5F61F4220C9DF600531239 /* Exchange */ = {
			isa = PBXGroup;
			children = (
				7D7293192309252A00578A5F /* AccountMainViewController.swift */,
				7DBA0D96242E2A3500C248E4 /* AccountMainViewModel.swift */,
				7DFC581022FF05E5002BFD86 /* DirectAddExchangeViewController.swift */,
				7D72596922FFEFA50034FA8E /* ExchangeSelectCountryViewController.swift */,
				7D33700E242A5FA900138DDE /* Add */,
			);
			path = Exchange;
			sourceTree = "<group>";
		};
		4A5F61F5220C9EB900531239 /* AddTrip */ = {
			isa = PBXGroup;
			children = (
				4AC710A921F0C6C900B20448 /* AddTripViewController.swift */,
				4AC710AE21F0EB3900B20448 /* AddTripCheckMapViewController.swift */,
				4AA331C621EB8EB0004E2536 /* AddTripDateViewController.swift */,
				7D895C6D23D2F2F9001AB3B6 /* AddTripViewController_New.swift */,
			);
			path = AddTrip;
			sourceTree = "<group>";
		};
		4A6EB2B021E64F0800A96C61 /* Data */ = {
			isa = PBXGroup;
			children = (
				7D1F73A422F6B75E000AA055 /* Singleton.swift */,
				4AA331BE21EB7119004E2536 /* realmData.swift */,
				4AC710B021F0EE1400B20448 /* struct.swift */,
				7DBA0D94242E1BED00C248E4 /* RealmManager.swift */,
			);
			path = Data;
			sourceTree = "<group>";
		};
		4A969BE721E5A2F00016DB49 = {
			isa = PBXGroup;
			children = (
				4A969BF221E5A2F00016DB49 /* GOtravel */,
				7D95E21922EC59B1008CEC0B /* GOtravelUITests */,
				4A969BF121E5A2F00016DB49 /* Products */,
				7EE67DA17128548DFC6AA525 /* Pods */,
				AB1F4CA7AE0A1CC0F55EFF90 /* Frameworks */,
			);
			sourceTree = "<group>";
		};
		4A969BF121E5A2F00016DB49 /* Products */ = {
			isa = PBXGroup;
			children = (
				4A969BF021E5A2F00016DB49 /* GOtravel.app */,
				7D95E21822EC59B1008CEC0B /* GOtravelUITests.xctest */,
			);
			name = Products;
			sourceTree = "<group>";
		};
		4A969BF221E5A2F00016DB49 /* GOtravel */ = {
			isa = PBXGroup;
			children = (
				4A38F3DB21EA80920097914B /* Resources */,
				4A38F3D621EA618A0097914B /* GoTravel */,
				4A969BFF21E5A2F50016DB49 /* Info.plist */,
			);
			path = GOtravel;
			sourceTree = "<group>";
		};
		4AA331CB21ECA6EA004E2536 /* Extension */ = {
			isa = PBXGroup;
			children = (
				7DFC580A22FEF186002BFD86 /* CALayer+.swift */,
				4AA331BB21EB3EF8004E2536 /* UIColor+.swift */,
				4AA331BA21EB3EF8004E2536 /* UIView+.swift */,
				4A779F5121E7C24B00CCE52F /* MKPlacemark+.swift */,
				4AC7107321EFD5B200B20448 /* UIDevice+.swfit */,
				4A3A17E021F1C8B500313077 /* Date+.swift */,
				7DB3FF8723057EB4007A180B /* Formatter+.swift */,
				7D72931B23097CBA00578A5F /* UITableView+.swift */,
				7D72931D23097CF400578A5F /* Reactive+.swift */,
				7D1D587A237A9AD20007E2F3 /* UICollectionView+.swift */,
				7D895C7723D43307001AB3B6 /* UIViewController+.swift */,
				7D03764F24BB8B640071124E /* UIButton+.swift */,
				7D03765124BB8B8A0071124E /* String+.swift */,
			);
			path = Extension;
			sourceTree = "<group>";
		};
		4AA331D121ECA8EA004E2536 /* storyboard */ = {
			isa = PBXGroup;
			children = (
				4A969BFC21E5A2F50016DB49 /* LaunchScreen.storyboard */,
				4A38F3D921EA80820097914B /* mymain.xib */,
				4A969BF721E5A2F00016DB49 /* Main.storyboard */,
				4AC7103D21EE110C00B20448 /* detailTest.xib */,
			);
			path = storyboard;
			sourceTree = "<group>";
		};
		4AC710B421F10F4100B20448 /* Calendar */ = {
			isa = PBXGroup;
			children = (
				4AA331B821EB3EB1004E2536 /* ControlCenterView.swift */,
				4AA331C021EB8E73004E2536 /* CalenderView.swift */,
				4AA331C121EB8E74004E2536 /* MonthView.swift */,
				4AA331C221EB8E74004E2536 /* WeekdaysView.swift */,
				7D03764D24BB86660071124E /* DateCell.swift */,
			);
			path = Calendar;
			sourceTree = "<group>";
		};
		7D0C031222EB7108001FD837 /* Cell */ = {
			isa = PBXGroup;
			children = (
				7D72597C2301AC6A0034FA8E /* UICollectionViewCell */,
				7D0C031322EB7111001FD837 /* UITableViewCell */,
			);
			path = Cell;
			sourceTree = "<group>";
		};
		7D0C031322EB7111001FD837 /* UITableViewCell */ = {
			isa = PBXGroup;
			children = (
				7D72596B22FFF0760034FA8E /* Trip */,
				7DFC580D22FEF3A3002BFD86 /* Home */,
				7DFC580C22FEF389002BFD86 /* Setting */,
				4A5F61EF220C9D9C00531239 /* HomeToDetailV */,
			);
			path = UITableViewCell;
			sourceTree = "<group>";
		};
		7D33700E242A5FA900138DDE /* Add */ = {
			isa = PBXGroup;
			children = (
				7DBC1D6F2428F1D40011ED2B /* DireactAddReceiptPriceViewController.swift */,
				7DBC1D7124290B4B0011ED2B /* DirectAddReceiptPriceViewModel.swift */,
				7D9E123B241A69930061E7BF /* DirectAddReceiptViewController.swift */,
				7DBC1D6D2428EAE90011ED2B /* DirectAddReceiptViewModel.swift */,
			);
			path = Add;
			sourceTree = "<group>";
		};
		7D4345BD22EC1AA50011AC7C /* Protocol */ = {
			isa = PBXGroup;
			children = (
				7D1F73A222F6B73F000AA055 /* ViewControllerDelegate.swift */,
			);
			path = Protocol;
			sourceTree = "<group>";
		};
		7D72596B22FFF0760034FA8E /* Trip */ = {
			isa = PBXGroup;
			children = (
				7D72596C22FFF0F90034FA8E /* exchangeCell.swift */,
				4AC710AC21F0D39900B20448 /* PlaceSearchTableViewCell.swift */,
				4A5F9CB0220495F50097C5C1 /* exchangeCell.swift */,
			);
			path = Trip;
			sourceTree = "<group>";
		};
		7D72597C2301AC6A0034FA8E /* UICollectionViewCell */ = {
			isa = PBXGroup;
			children = (
				7D72597D2301AC800034FA8E /* DirectAddAccountCell.swift */,
				7DBA0DA3242F975C00C248E4 /* ColorCollectionViewCell.swift */,
			);
			path = UICollectionViewCell;
			sourceTree = "<group>";
		};
		7D895C4523CF6765001AB3B6 /* Home */ = {
			isa = PBXGroup;
			children = (
				7D895C4823CF6B6C001AB3B6 /* HomeModelService.swift */,
				7D895C4623CF6774001AB3B6 /* HomeViewModel.swift */,
				7D895C7223D342CE001AB3B6 /* AddTrip */,
			);
			path = Home;
			sourceTree = "<group>";
		};
		7D895C4A23CF6FD0001AB3B6 /* Home */ = {
			isa = PBXGroup;
			children = (
				7D895C4B23CF6FF2001AB3B6 /* HomeTripEmptyView.swift */,
				7DBA0D92242CF9DD00C248E4 /* HomeMainView.swift */,
			);
			path = Home;
			sourceTree = "<group>";
		};
		7D895C6123D2DB86001AB3B6 /* PastTrip */ = {
			isa = PBXGroup;
			children = (
				7D1D587D237A9BCA0007E2F3 /* PastTripEmptyView.swift */,
			);
			path = PastTrip;
			sourceTree = "<group>";
		};
		7D895C6223D2E222001AB3B6 /* UINavigationController */ = {
			isa = PBXGroup;
			children = (
				7D895C6323D2E235001AB3B6 /* CustomNavigationContoller.swift */,
			);
			path = UINavigationController;
			sourceTree = "<group>";
		};
		7D895C6523D2E4B6001AB3B6 /* UIViewController */ = {
			isa = PBXGroup;
			children = (
				7D895C6623D2E4C4001AB3B6 /* BaseUIViewController.swift */,
			);
			path = UIViewController;
			sourceTree = "<group>";
		};
		7D895C6A23D2E4F2001AB3B6 /* NavigationBar */ = {
			isa = PBXGroup;
			children = (
				7D895C6823D2E4ED001AB3B6 /* DismissNavigationBar.swift */,
				7D895C6B23D2E509001AB3B6 /* PopNavigationBar.swift */,
			);
			path = NavigationBar;
			sourceTree = "<group>";
		};
		7D895C6F23D32F56001AB3B6 /* Custom */ = {
			isa = PBXGroup;
			children = (
				7DFC581322FF0D27002BFD86 /* CustomNavigationBarView.swift */,
				7DFC581922FF29BD002BFD86 /* Toast.swift */,
				7DFC581722FF120E002BFD86 /* LineAnimateTextFieldView.swift */,
				7D895C7023D32F72001AB3B6 /* TextFieldWithDescriptionView.swift */,
				7D895C7523D3568A001AB3B6 /* BottomButton.swift */,
				7D9E1239241689EF0061E7BF /* TextField.swift */,
			);
			path = Custom;
			sourceTree = "<group>";
		};
		7D895C7223D342CE001AB3B6 /* AddTrip */ = {
			isa = PBXGroup;
			children = (
				7D895C7323D342DF001AB3B6 /* AddTripViewModel.swift */,
				7D895C7923D4368B001AB3B6 /* AddTripDateViewModel.swift */,
			);
			path = AddTrip;
			sourceTree = "<group>";
		};
		7D8DBB9122F0A18A008C20E9 /* ViewController */ = {
			isa = PBXGroup;
			children = (
				7D8DBB9622F0A255008C20E9 /* Home */,
				4A0004AD222CF183003DEC20 /* Setting */,
				7DCE767722F0A906001EF4B6 /* PastTrip */,
			);
			name = ViewController;
			path = View/ViewController;
			sourceTree = "<group>";
		};
		7D8DBB9222F0A19B008C20E9 /* Model */ = {
			isa = PBXGroup;
			children = (
				7D725970230062850034FA8E /* OpenSourceLicenseModel.swift */,
				7D7259782301A7270034FA8E /* DirectAddAccountModel.swift */,
				7DBA0DA1242F955A00C248E4 /* ExchangeData.swift */,
			);
			path = Model;
			sourceTree = "<group>";
		};
		7D8DBB9322F0A1A9008C20E9 /* ViewModel */ = {
			isa = PBXGroup;
			children = (
				7D895C4523CF6765001AB3B6 /* Home */,
				4ACC7006222ACA04004095DA /* pastVM.swift */,
				4A5F61E6220C9C3800531239 /* HomeVM.swift */,
				7D72596E230062530034FA8E /* OpenSourceLicenseViewModel.swift */,
				7D72597423017EFF0034FA8E /* AccountViewModel.swift */,
				7D72597A2301A7750034FA8E /* DirectAddAccountViewModel.swift */,
				7D72597F23023AB70034FA8E /* ExchangeSelectViewModel.swift */,
			);
			path = ViewModel;
			sourceTree = "<group>";
		};
		7D8DBB9622F0A255008C20E9 /* Home */ = {
			isa = PBXGroup;
			children = (
				7D7394182308226E00FBA898 /* HomeMainViewController.swift */,
				7D8DBB9722F0A27C008C20E9 /* Trip */,
				4A5F61F5220C9EB900531239 /* AddTrip */,
			);
			path = Home;
			sourceTree = "<group>";
		};
		7D8DBB9722F0A27C008C20E9 /* Trip */ = {
			isa = PBXGroup;
			children = (
				4A5F61F4220C9DF600531239 /* Exchange */,
				4AC7103B21EE10C600B20448 /* TripDetailMainViewController.swift */,
				7D763DF223DAA9530006FF6E /* TripDetailPopupViewController.swift */,
				7D763E3A23DDB47A0006FF6E /* TripDetailSpecificDayViewController.swift */,
				7D276DF024BCC2BE00CA4554 /* TripRouteViewController.swift */,
				7D276DF224BCC2CB00CA4554 /* TripRouteViewModel.swift */,
			);
			path = Trip;
			sourceTree = "<group>";
		};
		7D95E21922EC59B1008CEC0B /* GOtravelUITests */ = {
			isa = PBXGroup;
			children = (
				7D95E22222EC59BF008CEC0B /* SnapshotHelper.swift */,
				7D95E21A22EC59B1008CEC0B /* GOtravelUITests.swift */,
				7D95E21C22EC59B1008CEC0B /* Info.plist */,
			);
			path = GOtravelUITests;
			sourceTree = "<group>";
		};
		7DBA0D98242F92EF00C248E4 /* Custom */ = {
			isa = PBXGroup;
			children = (
				4A6EB2B021E64F0800A96C61 /* Data */,
				7D4345BD22EC1AA50011AC7C /* Protocol */,
				7DBA0D9C242F937000C248E4 /* Style */,
				7DBA0D99242F930200C248E4 /* Struct */,
				4AA331CB21ECA6EA004E2536 /* Extension */,
				7DBA0D9D242F938D00C248E4 /* Constant.swift */,
			);
			path = Custom;
			sourceTree = "<group>";
		};
		7DBA0D99242F930200C248E4 /* Struct */ = {
			isa = PBXGroup;
			children = (
				7DBA0D9A242F932900C248E4 /* ExchangeCountry.swift */,
			);
			path = Struct;
			sourceTree = "<group>";
		};
		7DBA0D9C242F937000C248E4 /* Style */ = {
			isa = PBXGroup;
			children = (
				7DFC581522FF0DEA002BFD86 /* UIFont+.swift */,
				4A5B322621F6913E0007AB21 /* DefaultStyle.swift */,
			);
			path = Style;
			sourceTree = "<group>";
		};
		7DBA0DA0242F954400C248E4 /* Network */ = {
			isa = PBXGroup;
			children = (
			);
			path = Network;
			sourceTree = "<group>";
		};
		7DCE767722F0A906001EF4B6 /* PastTrip */ = {
			isa = PBXGroup;
			children = (
				4ACC7002222AC9DC004095DA /* PastTripViewController.swift */,
			);
			path = PastTrip;
			sourceTree = "<group>";
		};
		7DFC580922FE6E0F002BFD86 /* TabBar */ = {
			isa = PBXGroup;
			children = (
				7D0C030E22EB5FA5001FD837 /* TabbarController.swift */,
			);
			path = TabBar;
			sourceTree = "<group>";
		};
		7DFC580C22FEF389002BFD86 /* Setting */ = {
			isa = PBXGroup;
			children = (
				7D0C031422EB7122001FD837 /* SettingTableViewCell.swift */,
				7D725972230062EB0034FA8E /* OpenSourceCell.swift */,
			);
			path = Setting;
			sourceTree = "<group>";
		};
		7DFC580D22FEF3A3002BFD86 /* Home */ = {
			isa = PBXGroup;
			children = (
				4AA331B421EB3D92004E2536 /* TripCell.swift */,
			);
			path = Home;
			sourceTree = "<group>";
		};
		7DFC581222FF0D09002BFD86 /* View */ = {
			isa = PBXGroup;
			children = (
				7D72596522FFEF080034FA8E /* ExchangeView.swift */,
				4AC710B221F103EF00B20448 /* TripDescriptionView.swift */,
				4AC710B421F10F4100B20448 /* Calendar */,
				7D0C031222EB7108001FD837 /* Cell */,
				7D895C6F23D32F56001AB3B6 /* Custom */,
				7D895C4A23CF6FD0001AB3B6 /* Home */,
				7D895C6A23D2E4F2001AB3B6 /* NavigationBar */,
				7D895C6123D2DB86001AB3B6 /* PastTrip */,
				7D895C6223D2E222001AB3B6 /* UINavigationController */,
				7D895C6523D2E4B6001AB3B6 /* UIViewController */,
			);
			path = View;
			sourceTree = "<group>";
		};
		7EE67DA17128548DFC6AA525 /* Pods */ = {
			isa = PBXGroup;
			children = (
				8CB940FE2668A49D19250230 /* Pods-GOtravel.debug.xcconfig */,
				25F8933C8B5A2D51A48C71DA /* Pods-GOtravel.release.xcconfig */,
			);
			name = Pods;
			sourceTree = "<group>";
		};
		AB1F4CA7AE0A1CC0F55EFF90 /* Frameworks */ = {
			isa = PBXGroup;
			children = (
				5C8D0EDA739926CE14E7B79C /* Pods_GOtravel.framework */,
			);
			name = Frameworks;
			sourceTree = "<group>";
		};
/* End PBXGroup section */

/* Begin PBXNativeTarget section */
		4A969BEF21E5A2F00016DB49 /* GOtravel */ = {
			isa = PBXNativeTarget;
			buildConfigurationList = 4A969C0221E5A2F50016DB49 /* Build configuration list for PBXNativeTarget "GOtravel" */;
			buildPhases = (
				32723FF7F85838F05C06F5E3 /* [CP] Check Pods Manifest.lock */,
				4A969BEC21E5A2F00016DB49 /* Sources */,
				4A969BED21E5A2F00016DB49 /* Frameworks */,
				4A969BEE21E5A2F00016DB49 /* Resources */,
				42B924D9955BB40D13940D17 /* [CP] Embed Pods Frameworks */,
				B80A38B2D4E1155D8E113B6A /* [CP] Copy Pods Resources */,
				7D03765324BB98270071124E /* ShellScript */,
			);
			buildRules = (
			);
			dependencies = (
			);
			name = GOtravel;
			productName = GOtravel;
			productReference = 4A969BF021E5A2F00016DB49 /* GOtravel.app */;
			productType = "com.apple.product-type.application";
		};
		7D95E21722EC59B1008CEC0B /* GOtravelUITests */ = {
			isa = PBXNativeTarget;
			buildConfigurationList = 7D95E21F22EC59B1008CEC0B /* Build configuration list for PBXNativeTarget "GOtravelUITests" */;
			buildPhases = (
				7D95E21422EC59B1008CEC0B /* Sources */,
				7D95E21522EC59B1008CEC0B /* Frameworks */,
				7D95E21622EC59B1008CEC0B /* Resources */,
			);
			buildRules = (
			);
			dependencies = (
				7D95E21E22EC59B1008CEC0B /* PBXTargetDependency */,
			);
			name = GOtravelUITests;
			productName = GOtravelUITests;
			productReference = 7D95E21822EC59B1008CEC0B /* GOtravelUITests.xctest */;
			productType = "com.apple.product-type.bundle.ui-testing";
		};
/* End PBXNativeTarget section */

/* Begin PBXProject section */
		4A969BE821E5A2F00016DB49 /* Project object */ = {
			isa = PBXProject;
			attributes = {
				DefaultBuildSystemTypeForWorkspace = Original;
				LastSwiftUpdateCheck = 1020;
				LastUpgradeCheck = 1010;
				ORGANIZATIONNAME = haeun;
				TargetAttributes = {
					4A969BEF21E5A2F00016DB49 = {
						CreatedOnToolsVersion = 10.1;
					};
					7D95E21722EC59B1008CEC0B = {
						CreatedOnToolsVersion = 10.2.1;
						TestTargetID = 4A969BEF21E5A2F00016DB49;
					};
				};
			};
			buildConfigurationList = 4A969BEB21E5A2F00016DB49 /* Build configuration list for PBXProject "GOtravel" */;
			compatibilityVersion = "Xcode 9.3";
			developmentRegion = en;
			hasScannedForEncodings = 0;
			knownRegions = (
				en,
				Base,
			);
			mainGroup = 4A969BE721E5A2F00016DB49;
			productRefGroup = 4A969BF121E5A2F00016DB49 /* Products */;
			projectDirPath = "";
			projectRoot = "";
			targets = (
				4A969BEF21E5A2F00016DB49 /* GOtravel */,
				7D95E21722EC59B1008CEC0B /* GOtravelUITests */,
			);
		};
/* End PBXProject section */

/* Begin PBXResourcesBuildPhase section */
		4A969BEE21E5A2F00016DB49 /* Resources */ = {
			isa = PBXResourcesBuildPhase;
			buildActionMask = 2147483647;
			files = (
				7DE3E44822F6D6120056311E /* LaunchScreen.storyboard in Resources */,
				7DE3E44722F6D60E0056311E /* Main.storyboard in Resources */,
				4AC7103E21EE110C00B20448 /* detailTest.xib in Resources */,
				4A38F3DA21EA80820097914B /* mymain.xib in Resources */,
				4A969BFB21E5A2F50016DB49 /* Assets.xcassets in Resources */,
			);
			runOnlyForDeploymentPostprocessing = 0;
		};
		7D95E21622EC59B1008CEC0B /* Resources */ = {
			isa = PBXResourcesBuildPhase;
			buildActionMask = 2147483647;
			files = (
			);
			runOnlyForDeploymentPostprocessing = 0;
		};
/* End PBXResourcesBuildPhase section */

/* Begin PBXShellScriptBuildPhase section */
		32723FF7F85838F05C06F5E3 /* [CP] Check Pods Manifest.lock */ = {
			isa = PBXShellScriptBuildPhase;
			buildActionMask = 2147483647;
			files = (
			);
			inputPaths = (
				"${PODS_PODFILE_DIR_PATH}/Podfile.lock",
				"${PODS_ROOT}/Manifest.lock",
			);
			name = "[CP] Check Pods Manifest.lock";
			outputPaths = (
				"$(DERIVED_FILE_DIR)/Pods-GOtravel-checkManifestLockResult.txt",
			);
			runOnlyForDeploymentPostprocessing = 0;
			shellPath = /bin/sh;
			shellScript = "diff \"${PODS_PODFILE_DIR_PATH}/Podfile.lock\" \"${PODS_ROOT}/Manifest.lock\" > /dev/null\nif [ $? != 0 ] ; then\n    # print error to STDERR\n    echo \"error: The sandbox is not in sync with the Podfile.lock. Run 'pod install' or update your CocoaPods installation.\" >&2\n    exit 1\nfi\n# This output is used by Xcode 'outputs' to avoid re-running this script phase.\necho \"SUCCESS\" > \"${SCRIPT_OUTPUT_FILE_0}\"\n";
			showEnvVarsInLog = 0;
		};
		42B924D9955BB40D13940D17 /* [CP] Embed Pods Frameworks */ = {
			isa = PBXShellScriptBuildPhase;
			buildActionMask = 2147483647;
			files = (
			);
			inputFileListPaths = (
				"${PODS_ROOT}/Target Support Files/Pods-GOtravel/Pods-GOtravel-frameworks-${CONFIGURATION}-input-files.xcfilelist",
			);
			name = "[CP] Embed Pods Frameworks";
			outputFileListPaths = (
				"${PODS_ROOT}/Target Support Files/Pods-GOtravel/Pods-GOtravel-frameworks-${CONFIGURATION}-output-files.xcfilelist",
			);
			runOnlyForDeploymentPostprocessing = 0;
			shellPath = /bin/sh;
			shellScript = "\"${PODS_ROOT}/Target Support Files/Pods-GOtravel/Pods-GOtravel-frameworks.sh\"\n";
			showEnvVarsInLog = 0;
		};
		7D03765324BB98270071124E /* ShellScript */ = {
			isa = PBXShellScriptBuildPhase;
			buildActionMask = 2147483647;
			files = (
			);
			inputFileListPaths = (
			);
			inputPaths = (
			);
			outputFileListPaths = (
			);
			outputPaths = (
			);
			runOnlyForDeploymentPostprocessing = 0;
			shellPath = /bin/sh;
			shellScript = "\"${PODS_ROOT}/SwiftLint/swiftlint\"\n";
		};
		B80A38B2D4E1155D8E113B6A /* [CP] Copy Pods Resources */ = {
			isa = PBXShellScriptBuildPhase;
			buildActionMask = 2147483647;
			files = (
			);
			inputFileListPaths = (
				"${PODS_ROOT}/Target Support Files/Pods-GOtravel/Pods-GOtravel-resources-${CONFIGURATION}-input-files.xcfilelist",
			);
			name = "[CP] Copy Pods Resources";
			outputFileListPaths = (
				"${PODS_ROOT}/Target Support Files/Pods-GOtravel/Pods-GOtravel-resources-${CONFIGURATION}-output-files.xcfilelist",
			);
			runOnlyForDeploymentPostprocessing = 0;
			shellPath = /bin/sh;
			shellScript = "\"${PODS_ROOT}/Target Support Files/Pods-GOtravel/Pods-GOtravel-resources.sh\"\n";
			showEnvVarsInLog = 0;
		};
/* End PBXShellScriptBuildPhase section */

/* Begin PBXSourcesBuildPhase section */
		4A969BEC21E5A2F00016DB49 /* Sources */ = {
			isa = PBXSourcesBuildPhase;
			buildActionMask = 2147483647;
			files = (
				7D72931A2309252A00578A5F /* AccountMainViewController.swift in Sources */,
				7DFC581A22FF29BD002BFD86 /* Toast.swift in Sources */,
				7D72596D22FFF0F90034FA8E /* exchangeCell.swift in Sources */,
				7D895C4923CF6B6C001AB3B6 /* HomeModelService.swift in Sources */,
				7D72671022E33EB500589C82 /* settingModel.swift in Sources */,
				4AC7104021EE566300B20448 /* AddDetailTableViewCell.swift in Sources */,
				7D72596A22FFEFA50034FA8E /* ExchangeSelectCountryViewController.swift in Sources */,
				7DBC1D702428F1D40011ED2B /* DireactAddReceiptPriceViewController.swift in Sources */,
				7DFC581422FF0D27002BFD86 /* CustomNavigationBarView.swift in Sources */,
				7D763DF323DAA9540006FF6E /* TripDetailPopupViewController.swift in Sources */,
				7D895C7A23D4368B001AB3B6 /* AddTripDateViewModel.swift in Sources */,
				7D72596622FFEF080034FA8E /* ExchangeView.swift in Sources */,
				7D72597523017F000034FA8E /* AccountViewModel.swift in Sources */,
				7DFC580F22FEF402002BFD86 /* ExchangeRateCell.swift in Sources */,
				7DFC581622FF0DEA002BFD86 /* UIFont+.swift in Sources */,
				7D9E123A241689F00061E7BF /* TextField.swift in Sources */,
				7D1D587E237A9BCA0007E2F3 /* PastTripEmptyView.swift in Sources */,
				7DBA0D95242E1BED00C248E4 /* RealmManager.swift in Sources */,
				7D1F73A322F6B73F000AA055 /* ViewControllerDelegate.swift in Sources */,
				4AA331BC21EB3EF8004E2536 /* UIView+.swift in Sources */,
				4ACC7007222ACA04004095DA /* pastVM.swift in Sources */,
				4AA331BD21EB3EF8004E2536 /* UIColor+.swift in Sources */,
				4AC710AD21F0D39900B20448 /* PlaceSearchTableViewCell.swift in Sources */,
				7D03764E24BB86670071124E /* DateCell.swift in Sources */,
				4AA331C721EB8EB0004E2536 /* AddTripDateViewController.swift in Sources */,
				7D0C030F22EB5FA5001FD837 /* TabbarController.swift in Sources */,
				7DFC581122FF05E5002BFD86 /* DirectAddExchangeViewController.swift in Sources */,
				7D72598023023AB80034FA8E /* ExchangeSelectViewModel.swift in Sources */,
				7DFC580B22FEF186002BFD86 /* CALayer+.swift in Sources */,
				7DBA0D9B242F932900C248E4 /* ExchangeCountry.swift in Sources */,
				7DBA0DA4242F975C00C248E4 /* ColorCollectionViewCell.swift in Sources */,
				7D72596F230062530034FA8E /* OpenSourceLicenseViewModel.swift in Sources */,
				7DFC581822FF120E002BFD86 /* LineAnimateTextFieldView.swift in Sources */,
				4AA331BF21EB7119004E2536 /* realmData.swift in Sources */,
				7D276DF124BCC2BE00CA4554 /* TripRouteViewController.swift in Sources */,
				7D895C6923D2E4ED001AB3B6 /* DismissNavigationBar.swift in Sources */,
				4AC7107421EFD5B200B20448 /* UIDevice+.swfit in Sources */,
				7D895C6423D2E235001AB3B6 /* CustomNavigationContoller.swift in Sources */,
				4AC710B121F0EE1400B20448 /* struct.swift in Sources */,
				7D9E123C241A69930061E7BF /* DirectAddReceiptViewController.swift in Sources */,
				4A779F5921E7C24C00CCE52F /* MKPlacemark+.swift in Sources */,
				4A5B322721F6913E0007AB21 /* DefaultStyle.swift in Sources */,
				4AC710B321F103EF00B20448 /* TripDescriptionView.swift in Sources */,
				7D72597E2301AC800034FA8E /* DirectAddAccountCell.swift in Sources */,
				7DBA0D97242E2A3500C248E4 /* AccountMainViewModel.swift in Sources */,
				7DBC1D7224290B4B0011ED2B /* DirectAddReceiptPriceViewModel.swift in Sources */,
				7D895C7123D32F72001AB3B6 /* TextFieldWithDescriptionView.swift in Sources */,
				4AC7103C21EE10C600B20448 /* TripDetailMainViewController.swift in Sources */,
				4AC710AF21F0EB3900B20448 /* AddTripCheckMapViewController.swift in Sources */,
				4A3A17E121F1C8B500313077 /* Date+.swift in Sources */,
				4A0004B1222D319F003DEC20 /* SettingView.swift in Sources */,
				4AA331C421EB8E74004E2536 /* MonthView.swift in Sources */,
				4A0004AF222CF1AC003DEC20 /* SettingViewController.swift in Sources */,
				7D7259792301A7270034FA8E /* DirectAddAccountModel.swift in Sources */,
				7D895C6C23D2E509001AB3B6 /* PopNavigationBar.swift in Sources */,
				7D8DBB9522F0A230008C20E9 /* OpenSourceLicenseViewController.swift in Sources */,
				7D725971230062850034FA8E /* OpenSourceLicenseModel.swift in Sources */,
				7D0C031522EB7122001FD837 /* SettingTableViewCell.swift in Sources */,
				7D7394192308226E00FBA898 /* HomeMainViewController.swift in Sources */,
				7D1F73A522F6B75E000AA055 /* Singleton.swift in Sources */,
				4A5F61E7220C9C3800531239 /* HomeVM.swift in Sources */,
				7D895C7623D3568A001AB3B6 /* BottomButton.swift in Sources */,
				7D763E3B23DDB47A0006FF6E /* TripDetailSpecificDayViewController.swift in Sources */,
				7DBC1D6E2428EAE90011ED2B /* DirectAddReceiptViewModel.swift in Sources */,
				4AC7104221EF9DF300B20448 /* AddDetailTableViewCellInsideTableViewCell.swift in Sources */,
				7D895C7823D43307001AB3B6 /* UIViewController+.swift in Sources */,
				7DB3FF8823057EB4007A180B /* Formatter+.swift in Sources */,
				4AA331C521EB8E74004E2536 /* WeekdaysView.swift in Sources */,
				4AC710AA21F0C6C900B20448 /* AddTripViewController.swift in Sources */,
				7D1D587B237A9AD20007E2F3 /* UICollectionView+.swift in Sources */,
				7D895C7423D342DF001AB3B6 /* AddTripViewModel.swift in Sources */,
				7D895C4423CF3E67001AB3B6 /* Appdelegate.swift in Sources */,
				4AA331B721EB3D92004E2536 /* TripCell.swift in Sources */,
				7D276DF324BCC2CB00CA4554 /* TripRouteViewModel.swift in Sources */,
				4A5F9CB1220495F60097C5C1 /* exchangeCell.swift in Sources */,
				7D895C6E23D2F2F9001AB3B6 /* AddTripViewController_New.swift in Sources */,
				7D72597B2301A7750034FA8E /* DirectAddAccountViewModel.swift in Sources */,
				7D895C4C23CF6FF2001AB3B6 /* HomeTripEmptyView.swift in Sources */,
				7D03765024BB8B640071124E /* UIButton+.swift in Sources */,
				7D72931C23097CBA00578A5F /* UITableView+.swift in Sources */,
				7D895C6723D2E4C4001AB3B6 /* BaseUIViewController.swift in Sources */,
				7DBA0D9E242F938D00C248E4 /* Constant.swift in Sources */,
				7D72931E23097CF400578A5F /* Reactive+.swift in Sources */,
				7DBA0D93242CF9DD00C248E4 /* HomeMainView.swift in Sources */,
				7D03765224BB8B8A0071124E /* String+.swift in Sources */,
				7D725973230062EB0034FA8E /* OpenSourceCell.swift in Sources */,
				7D895C4723CF6774001AB3B6 /* HomeViewModel.swift in Sources */,
				4ACC7003222AC9DC004095DA /* PastTripViewController.swift in Sources */,
				7DBA0DA2242F955A00C248E4 /* ExchangeData.swift in Sources */,
				4AA331C321EB8E74004E2536 /* CalenderView.swift in Sources */,
				4AA331B921EB3EB2004E2536 /* ControlCenterView.swift in Sources */,
				4ABF96B1223BEA0E006FFD40 /* settingVM.swift in Sources */,
			);
			runOnlyForDeploymentPostprocessing = 0;
		};
		7D95E21422EC59B1008CEC0B /* Sources */ = {
			isa = PBXSourcesBuildPhase;
			buildActionMask = 2147483647;
			files = (
				7D95E21B22EC59B1008CEC0B /* GOtravelUITests.swift in Sources */,
				7D95E22322EC59C0008CEC0B /* SnapshotHelper.swift in Sources */,
			);
			runOnlyForDeploymentPostprocessing = 0;
		};
/* End PBXSourcesBuildPhase section */

/* Begin PBXTargetDependency section */
		7D95E21E22EC59B1008CEC0B /* PBXTargetDependency */ = {
			isa = PBXTargetDependency;
			target = 4A969BEF21E5A2F00016DB49 /* GOtravel */;
			targetProxy = 7D95E21D22EC59B1008CEC0B /* PBXContainerItemProxy */;
		};
/* End PBXTargetDependency section */

/* Begin PBXVariantGroup section */
		4A969BF721E5A2F00016DB49 /* Main.storyboard */ = {
			isa = PBXVariantGroup;
			children = (
				4A969BF821E5A2F00016DB49 /* Base */,
			);
			name = Main.storyboard;
			sourceTree = "<group>";
		};
		4A969BFC21E5A2F50016DB49 /* LaunchScreen.storyboard */ = {
			isa = PBXVariantGroup;
			children = (
				4A969BFD21E5A2F50016DB49 /* Base */,
			);
			name = LaunchScreen.storyboard;
			sourceTree = "<group>";
		};
/* End PBXVariantGroup section */

/* Begin XCBuildConfiguration section */
		4A969C0021E5A2F50016DB49 /* Debug */ = {
			isa = XCBuildConfiguration;
			buildSettings = {
				ALWAYS_SEARCH_USER_PATHS = NO;
				CLANG_ANALYZER_NONNULL = YES;
				CLANG_ANALYZER_NUMBER_OBJECT_CONVERSION = YES_AGGRESSIVE;
				CLANG_CXX_LANGUAGE_STANDARD = "gnu++14";
				CLANG_CXX_LIBRARY = "libc++";
				CLANG_ENABLE_MODULES = YES;
				CLANG_ENABLE_OBJC_ARC = YES;
				CLANG_ENABLE_OBJC_WEAK = YES;
				CLANG_WARN_BLOCK_CAPTURE_AUTORELEASING = YES;
				CLANG_WARN_BOOL_CONVERSION = YES;
				CLANG_WARN_COMMA = YES;
				CLANG_WARN_CONSTANT_CONVERSION = YES;
				CLANG_WARN_DEPRECATED_OBJC_IMPLEMENTATIONS = YES;
				CLANG_WARN_DIRECT_OBJC_ISA_USAGE = YES_ERROR;
				CLANG_WARN_DOCUMENTATION_COMMENTS = YES;
				CLANG_WARN_EMPTY_BODY = YES;
				CLANG_WARN_ENUM_CONVERSION = YES;
				CLANG_WARN_INFINITE_RECURSION = YES;
				CLANG_WARN_INT_CONVERSION = YES;
				CLANG_WARN_NON_LITERAL_NULL_CONVERSION = YES;
				CLANG_WARN_OBJC_IMPLICIT_RETAIN_SELF = YES;
				CLANG_WARN_OBJC_LITERAL_CONVERSION = YES;
				CLANG_WARN_OBJC_ROOT_CLASS = YES_ERROR;
				CLANG_WARN_RANGE_LOOP_ANALYSIS = YES;
				CLANG_WARN_STRICT_PROTOTYPES = YES;
				CLANG_WARN_SUSPICIOUS_MOVE = YES;
				CLANG_WARN_UNGUARDED_AVAILABILITY = YES_AGGRESSIVE;
				CLANG_WARN_UNREACHABLE_CODE = YES;
				CLANG_WARN__DUPLICATE_METHOD_MATCH = YES;
				CODE_SIGN_IDENTITY = "iPhone Developer";
				COPY_PHASE_STRIP = NO;
				DEBUG_INFORMATION_FORMAT = dwarf;
				ENABLE_STRICT_OBJC_MSGSEND = YES;
				ENABLE_TESTABILITY = YES;
				EXCLUDED_SOURCE_FILE_NAMES = "/trash/*";
				GCC_C_LANGUAGE_STANDARD = gnu11;
				GCC_DYNAMIC_NO_PIC = NO;
				GCC_NO_COMMON_BLOCKS = YES;
				GCC_OPTIMIZATION_LEVEL = 0;
				GCC_PREPROCESSOR_DEFINITIONS = (
					"DEBUG=1",
					"$(inherited)",
				);
				GCC_WARN_64_TO_32_BIT_CONVERSION = YES;
				GCC_WARN_ABOUT_RETURN_TYPE = YES_ERROR;
				GCC_WARN_UNDECLARED_SELECTOR = YES;
				GCC_WARN_UNINITIALIZED_AUTOS = YES_AGGRESSIVE;
				GCC_WARN_UNUSED_FUNCTION = YES;
				GCC_WARN_UNUSED_VARIABLE = YES;
				IPHONEOS_DEPLOYMENT_TARGET = 11.0;
				MTL_ENABLE_DEBUG_INFO = INCLUDE_SOURCE;
				MTL_FAST_MATH = YES;
				NEW_SETTING = "";
				ONLY_ACTIVE_ARCH = YES;
				SDKROOT = iphoneos;
				SWIFT_ACTIVE_COMPILATION_CONDITIONS = DEBUG;
				SWIFT_OPTIMIZATION_LEVEL = "-Onone";
			};
			name = Debug;
		};
		4A969C0121E5A2F50016DB49 /* Release */ = {
			isa = XCBuildConfiguration;
			buildSettings = {
				ALWAYS_SEARCH_USER_PATHS = NO;
				CLANG_ANALYZER_NONNULL = YES;
				CLANG_ANALYZER_NUMBER_OBJECT_CONVERSION = YES_AGGRESSIVE;
				CLANG_CXX_LANGUAGE_STANDARD = "gnu++14";
				CLANG_CXX_LIBRARY = "libc++";
				CLANG_ENABLE_MODULES = YES;
				CLANG_ENABLE_OBJC_ARC = YES;
				CLANG_ENABLE_OBJC_WEAK = YES;
				CLANG_WARN_BLOCK_CAPTURE_AUTORELEASING = YES;
				CLANG_WARN_BOOL_CONVERSION = YES;
				CLANG_WARN_COMMA = YES;
				CLANG_WARN_CONSTANT_CONVERSION = YES;
				CLANG_WARN_DEPRECATED_OBJC_IMPLEMENTATIONS = YES;
				CLANG_WARN_DIRECT_OBJC_ISA_USAGE = YES_ERROR;
				CLANG_WARN_DOCUMENTATION_COMMENTS = YES;
				CLANG_WARN_EMPTY_BODY = YES;
				CLANG_WARN_ENUM_CONVERSION = YES;
				CLANG_WARN_INFINITE_RECURSION = YES;
				CLANG_WARN_INT_CONVERSION = YES;
				CLANG_WARN_NON_LITERAL_NULL_CONVERSION = YES;
				CLANG_WARN_OBJC_IMPLICIT_RETAIN_SELF = YES;
				CLANG_WARN_OBJC_LITERAL_CONVERSION = YES;
				CLANG_WARN_OBJC_ROOT_CLASS = YES_ERROR;
				CLANG_WARN_RANGE_LOOP_ANALYSIS = YES;
				CLANG_WARN_STRICT_PROTOTYPES = YES;
				CLANG_WARN_SUSPICIOUS_MOVE = YES;
				CLANG_WARN_UNGUARDED_AVAILABILITY = YES_AGGRESSIVE;
				CLANG_WARN_UNREACHABLE_CODE = YES;
				CLANG_WARN__DUPLICATE_METHOD_MATCH = YES;
				CODE_SIGN_IDENTITY = "iPhone Developer";
				COPY_PHASE_STRIP = NO;
				DEBUG_INFORMATION_FORMAT = "dwarf-with-dsym";
				ENABLE_NS_ASSERTIONS = NO;
				ENABLE_STRICT_OBJC_MSGSEND = YES;
				EXCLUDED_SOURCE_FILE_NAMES = "/trash/*";
				GCC_C_LANGUAGE_STANDARD = gnu11;
				GCC_NO_COMMON_BLOCKS = YES;
				GCC_WARN_64_TO_32_BIT_CONVERSION = YES;
				GCC_WARN_ABOUT_RETURN_TYPE = YES_ERROR;
				GCC_WARN_UNDECLARED_SELECTOR = YES;
				GCC_WARN_UNINITIALIZED_AUTOS = YES_AGGRESSIVE;
				GCC_WARN_UNUSED_FUNCTION = YES;
				GCC_WARN_UNUSED_VARIABLE = YES;
				IPHONEOS_DEPLOYMENT_TARGET = 11.0;
				MTL_ENABLE_DEBUG_INFO = NO;
				MTL_FAST_MATH = YES;
				NEW_SETTING = "";
				SDKROOT = iphoneos;
				SWIFT_COMPILATION_MODE = wholemodule;
				SWIFT_OPTIMIZATION_LEVEL = "-O";
				VALIDATE_PRODUCT = YES;
			};
			name = Release;
		};
		4A969C0321E5A2F50016DB49 /* Debug */ = {
			isa = XCBuildConfiguration;
			baseConfigurationReference = 8CB940FE2668A49D19250230 /* Pods-GOtravel.debug.xcconfig */;
			buildSettings = {
				ASSETCATALOG_COMPILER_APPICON_NAME = AppIcon;
				CODE_SIGN_IDENTITY = "iPhone Developer";
				CODE_SIGN_STYLE = Automatic;
				CURRENT_PROJECT_VERSION = 0;
				DEVELOPMENT_TEAM = L47YWQ7AFX;
				ENABLE_BITCODE = YES;
				INFOPLIST_FILE = GOtravel/Info.plist;
				IPHONEOS_DEPLOYMENT_TARGET = 11.0;
				LD_RUNPATH_SEARCH_PATHS = (
					"$(inherited)",
					"@executable_path/Frameworks",
				);
				MACH_O_TYPE = mh_execute;
				MARKETING_VERSION = 1.3.1;
				PRODUCT_BUNDLE_IDENTIFIER = haeun.developer.GOtravel;
				PRODUCT_NAME = "$(TARGET_NAME)";
				PROVISIONING_PROFILE_SPECIFIER = "";
				SWIFT_VERSION = 5.0;
				TARGETED_DEVICE_FAMILY = 1;
			};
			name = Debug;
		};
		4A969C0421E5A2F50016DB49 /* Release */ = {
			isa = XCBuildConfiguration;
			baseConfigurationReference = 25F8933C8B5A2D51A48C71DA /* Pods-GOtravel.release.xcconfig */;
			buildSettings = {
				ASSETCATALOG_COMPILER_APPICON_NAME = AppIcon;
				CODE_SIGN_IDENTITY = "iPhone Developer";
				CODE_SIGN_STYLE = Automatic;
				CURRENT_PROJECT_VERSION = 0;
				DEVELOPMENT_TEAM = L47YWQ7AFX;
				ENABLE_BITCODE = YES;
				INFOPLIST_FILE = GOtravel/Info.plist;
				IPHONEOS_DEPLOYMENT_TARGET = 11.0;
				LD_RUNPATH_SEARCH_PATHS = (
					"$(inherited)",
					"@executable_path/Frameworks",
				);
				MACH_O_TYPE = mh_execute;
				MARKETING_VERSION = 1.3.1;
				PRODUCT_BUNDLE_IDENTIFIER = haeun.developer.GOtravel;
				PRODUCT_NAME = "$(TARGET_NAME)";
				PROVISIONING_PROFILE_SPECIFIER = "";
				SWIFT_VERSION = 5.0;
				TARGETED_DEVICE_FAMILY = 1;
			};
			name = Release;
		};
		7D95E22022EC59B1008CEC0B /* Debug */ = {
			isa = XCBuildConfiguration;
			buildSettings = {
				CODE_SIGN_STYLE = Automatic;
				DEVELOPMENT_TEAM = 9DJXYBHDAK;
				INFOPLIST_FILE = GOtravelUITests/Info.plist;
				IPHONEOS_DEPLOYMENT_TARGET = 12.2;
				LD_RUNPATH_SEARCH_PATHS = (
					"$(inherited)",
					"@executable_path/Frameworks",
					"@loader_path/Frameworks",
				);
				PRODUCT_BUNDLE_IDENTIFIER = "LEE-HAEUN.GOtravelUITests";
				PRODUCT_NAME = "$(TARGET_NAME)";
				SWIFT_VERSION = 5.0;
				TARGETED_DEVICE_FAMILY = "1,2";
				TEST_TARGET_NAME = GOtravel;
			};
			name = Debug;
		};
		7D95E22122EC59B1008CEC0B /* Release */ = {
			isa = XCBuildConfiguration;
			buildSettings = {
				CODE_SIGN_STYLE = Automatic;
				DEVELOPMENT_TEAM = 9DJXYBHDAK;
				INFOPLIST_FILE = GOtravelUITests/Info.plist;
				IPHONEOS_DEPLOYMENT_TARGET = 12.2;
				LD_RUNPATH_SEARCH_PATHS = (
					"$(inherited)",
					"@executable_path/Frameworks",
					"@loader_path/Frameworks",
				);
				PRODUCT_BUNDLE_IDENTIFIER = "LEE-HAEUN.GOtravelUITests";
				PRODUCT_NAME = "$(TARGET_NAME)";
				SWIFT_VERSION = 5.0;
				TARGETED_DEVICE_FAMILY = "1,2";
				TEST_TARGET_NAME = GOtravel;
			};
			name = Release;
		};
/* End XCBuildConfiguration section */

/* Begin XCConfigurationList section */
		4A969BEB21E5A2F00016DB49 /* Build configuration list for PBXProject "GOtravel" */ = {
			isa = XCConfigurationList;
			buildConfigurations = (
				4A969C0021E5A2F50016DB49 /* Debug */,
				4A969C0121E5A2F50016DB49 /* Release */,
			);
			defaultConfigurationIsVisible = 0;
			defaultConfigurationName = Release;
		};
		4A969C0221E5A2F50016DB49 /* Build configuration list for PBXNativeTarget "GOtravel" */ = {
			isa = XCConfigurationList;
			buildConfigurations = (
				4A969C0321E5A2F50016DB49 /* Debug */,
				4A969C0421E5A2F50016DB49 /* Release */,
			);
			defaultConfigurationIsVisible = 0;
			defaultConfigurationName = Release;
		};
		7D95E21F22EC59B1008CEC0B /* Build configuration list for PBXNativeTarget "GOtravelUITests" */ = {
			isa = XCConfigurationList;
			buildConfigurations = (
				7D95E22022EC59B1008CEC0B /* Debug */,
				7D95E22122EC59B1008CEC0B /* Release */,
			);
			defaultConfigurationIsVisible = 0;
			defaultConfigurationName = Release;
		};
/* End XCConfigurationList section */
	};
	rootObject = 4A969BE821E5A2F00016DB49 /* Project object */;
}
