// !$*UTF8*$!
{
	archiveVersion = 1;
	classes = {
	};
	objectVersion = 51;
	objects = {

/* Begin PBXBuildFile section */
		4A0004AF222CF1AC003DEC20 /* SettingViewController.swift in Sources */ = {isa = PBXBuildFile; fileRef = 4A0004AE222CF1AC003DEC20 /* SettingViewController.swift */; };
		4A0004B1222D319F003DEC20 /* settingV.swift in Sources */ = {isa = PBXBuildFile; fileRef = 4A0004B0222D319F003DEC20 /* settingV.swift */; };
		4A38F3DA21EA80820097914B /* mymain.xib in Resources */ = {isa = PBXBuildFile; fileRef = 4A38F3D921EA80820097914B /* mymain.xib */; };
		4A3A17E121F1C8B500313077 /* Date+.swift in Sources */ = {isa = PBXBuildFile; fileRef = 4A3A17E021F1C8B500313077 /* Date+.swift */; };
		4A3BC29821F3B2A800995E28 /* changeDetailOfDayViewController.swift in Sources */ = {isa = PBXBuildFile; fileRef = 4A3BC29721F3B2A800995E28 /* changeDetailOfDayViewController.swift */; };
		4A3BC29D21F3C72A00995E28 /* changeDetailView.swift in Sources */ = {isa = PBXBuildFile; fileRef = 4A3BC29C21F3C72A00995E28 /* changeDetailView.swift */; };
		4A5B322721F6913E0007AB21 /* DefaultStyle.swift in Sources */ = {isa = PBXBuildFile; fileRef = 4A5B322621F6913E0007AB21 /* DefaultStyle.swift */; };
		4A5F61E7220C9C3800531239 /* HomeVM.swift in Sources */ = {isa = PBXBuildFile; fileRef = 4A5F61E6220C9C3800531239 /* HomeVM.swift */; };
		4A5F9CAD21FA100A0097C5C1 /* Enum_exchange.swift in Sources */ = {isa = PBXBuildFile; fileRef = 4A5F9CAC21FA100A0097C5C1 /* Enum_exchange.swift */; };
		4A5F9CAF21FE00C40097C5C1 /* exchagneView.swift in Sources */ = {isa = PBXBuildFile; fileRef = 4A5F9CAE21FE00C40097C5C1 /* exchagneView.swift */; };
		4A5F9CB1220495F60097C5C1 /* exchangeCell.swift in Sources */ = {isa = PBXBuildFile; fileRef = 4A5F9CB0220495F50097C5C1 /* exchangeCell.swift */; };
		4A5F9CB322087D070097C5C1 /* exchangeAddDataVC.swift in Sources */ = {isa = PBXBuildFile; fileRef = 4A5F9CB222087D070097C5C1 /* exchangeAddDataVC.swift */; };
		4A779F5621E7C24C00CCE52F /* PlaceAnnotation.swift in Sources */ = {isa = PBXBuildFile; fileRef = 4A779F4E21E7C24B00CCE52F /* PlaceAnnotation.swift */; };
		4A779F5721E7C24C00CCE52F /* mainViewController.swift in Sources */ = {isa = PBXBuildFile; fileRef = 4A779F4F21E7C24B00CCE52F /* mainViewController.swift */; };
		4A779F5821E7C24C00CCE52F /* addTravelInfoViewController.swift in Sources */ = {isa = PBXBuildFile; fileRef = 4A779F5021E7C24B00CCE52F /* addTravelInfoViewController.swift */; };
		4A779F5921E7C24C00CCE52F /* MKPlacemark+.swift in Sources */ = {isa = PBXBuildFile; fileRef = 4A779F5121E7C24B00CCE52F /* MKPlacemark+.swift */; };
		4A779F5A21E7C24C00CCE52F /* MapViewController.swift in Sources */ = {isa = PBXBuildFile; fileRef = 4A779F5221E7C24B00CCE52F /* MapViewController.swift */; };
		4A779F5B21E7C24C00CCE52F /* LocationManager.swift in Sources */ = {isa = PBXBuildFile; fileRef = 4A779F5321E7C24B00CCE52F /* LocationManager.swift */; };
		4A779F5C21E7C24C00CCE52F /* searchTravelLocationViewController.swift in Sources */ = {isa = PBXBuildFile; fileRef = 4A779F5421E7C24B00CCE52F /* searchTravelLocationViewController.swift */; };
		4A779F5E21E7C2DF00CCE52F /* SuggestionsTableTableViewController.swift in Sources */ = {isa = PBXBuildFile; fileRef = 4A779F5D21E7C2DF00CCE52F /* SuggestionsTableTableViewController.swift */; };
		4A969BF621E5A2F00016DB49 /* ViewController.swift in Sources */ = {isa = PBXBuildFile; fileRef = 4A969BF521E5A2F00016DB49 /* ViewController.swift */; };
		4A969BFB21E5A2F50016DB49 /* Assets.xcassets in Resources */ = {isa = PBXBuildFile; fileRef = 4A969BFA21E5A2F50016DB49 /* Assets.xcassets */; };
		4AA331B621EB3D92004E2536 /* HomeViewController.swift in Sources */ = {isa = PBXBuildFile; fileRef = 4AA331B321EB3D92004E2536 /* HomeViewController.swift */; };
		4AA331B721EB3D92004E2536 /* ProgrammaticCollectionViewCell.swift in Sources */ = {isa = PBXBuildFile; fileRef = 4AA331B421EB3D92004E2536 /* ProgrammaticCollectionViewCell.swift */; };
		4AA331B921EB3EB2004E2536 /* ControlCenterView.swift in Sources */ = {isa = PBXBuildFile; fileRef = 4AA331B821EB3EB1004E2536 /* ControlCenterView.swift */; };
		4AA331BC21EB3EF8004E2536 /* UIView+.swift in Sources */ = {isa = PBXBuildFile; fileRef = 4AA331BA21EB3EF8004E2536 /* UIView+.swift */; };
		4AA331BD21EB3EF8004E2536 /* UIColor+.swift in Sources */ = {isa = PBXBuildFile; fileRef = 4AA331BB21EB3EF8004E2536 /* UIColor+.swift */; };
		4AA331BF21EB7119004E2536 /* realmData.swift in Sources */ = {isa = PBXBuildFile; fileRef = 4AA331BE21EB7119004E2536 /* realmData.swift */; };
		4AA331C321EB8E74004E2536 /* CalenderView.swift in Sources */ = {isa = PBXBuildFile; fileRef = 4AA331C021EB8E73004E2536 /* CalenderView.swift */; };
		4AA331C421EB8E74004E2536 /* MonthView.swift in Sources */ = {isa = PBXBuildFile; fileRef = 4AA331C121EB8E74004E2536 /* MonthView.swift */; };
		4AA331C521EB8E74004E2536 /* WeekdaysView.swift in Sources */ = {isa = PBXBuildFile; fileRef = 4AA331C221EB8E74004E2536 /* WeekdaysView.swift */; };
		4AA331C721EB8EB0004E2536 /* AddTripDateViewController.swift in Sources */ = {isa = PBXBuildFile; fileRef = 4AA331C621EB8EB0004E2536 /* AddTripDateViewController.swift */; };
		4ABF96B1223BEA0E006FFD40 /* settingVM.swift in Sources */ = {isa = PBXBuildFile; fileRef = 4ABF96B0223BEA0E006FFD40 /* settingVM.swift */; };
		4AC7103C21EE10C600B20448 /* TripDetailViewController.swift in Sources */ = {isa = PBXBuildFile; fileRef = 4AC7103B21EE10C600B20448 /* TripDetailViewController.swift */; };
		4AC7103E21EE110C00B20448 /* detailTest.xib in Resources */ = {isa = PBXBuildFile; fileRef = 4AC7103D21EE110C00B20448 /* detailTest.xib */; };
		4AC7104021EE566300B20448 /* addDetailTableViewCell.swift in Sources */ = {isa = PBXBuildFile; fileRef = 4AC7103F21EE566300B20448 /* addDetailTableViewCell.swift */; };
		4AC7104221EF9DF300B20448 /* addDetailTableViewCellInsideTableViewCell.swift in Sources */ = {isa = PBXBuildFile; fileRef = 4AC7104121EF9DF300B20448 /* addDetailTableViewCellInsideTableViewCell.swift */; };
		4AC7107421EFD5B200B20448 /* UIDevice+.swfit in Sources */ = {isa = PBXBuildFile; fileRef = 4AC7107321EFD5B200B20448 /* UIDevice+.swfit */; };
		4AC7107621F03CA900B20448 /* addDetailViewTableViewDelegate.swift in Sources */ = {isa = PBXBuildFile; fileRef = 4AC7107521F03CA900B20448 /* addDetailViewTableViewDelegate.swift */; };
		4AC710AA21F0C6C900B20448 /* AddTripViewController.swift in Sources */ = {isa = PBXBuildFile; fileRef = 4AC710A921F0C6C900B20448 /* AddTripViewController.swift */; };
		4AC710AD21F0D39900B20448 /* placeSearchTableViewCell.swift in Sources */ = {isa = PBXBuildFile; fileRef = 4AC710AC21F0D39900B20448 /* placeSearchTableViewCell.swift */; };
		4AC710AF21F0EB3900B20448 /* AddTripCheckMapViewController.swift in Sources */ = {isa = PBXBuildFile; fileRef = 4AC710AE21F0EB3900B20448 /* AddTripCheckMapViewController.swift */; };
		4AC710B121F0EE1400B20448 /* struct.swift in Sources */ = {isa = PBXBuildFile; fileRef = 4AC710B021F0EE1400B20448 /* struct.swift */; };
		4AC710B321F103EF00B20448 /* addDetailAllSubView.swift in Sources */ = {isa = PBXBuildFile; fileRef = 4AC710B221F103EF00B20448 /* addDetailAllSubView.swift */; };
		4ACC7003222AC9DC004095DA /* pastVC.swift in Sources */ = {isa = PBXBuildFile; fileRef = 4ACC7002222AC9DC004095DA /* pastVC.swift */; };
		4ACC7005222AC9E5004095DA /* pastV.swift in Sources */ = {isa = PBXBuildFile; fileRef = 4ACC7004222AC9E5004095DA /* pastV.swift */; };
		4ACC7007222ACA04004095DA /* pastVM.swift in Sources */ = {isa = PBXBuildFile; fileRef = 4ACC7006222ACA04004095DA /* pastVM.swift */; };
		4ACD9670220DC3D50032D2C2 /* exchangeViewController.swift in Sources */ = {isa = PBXBuildFile; fileRef = 4ACD966F220DC3D50032D2C2 /* exchangeViewController.swift */; };
		4AD2D4D3220B040B00F7BE6F /* exchangeSelectForeignVC.swift in Sources */ = {isa = PBXBuildFile; fileRef = 4AD2D4D2220B040B00F7BE6F /* exchangeSelectForeignVC.swift */; };
		7D0C030F22EB5FA5001FD837 /* TabbarController.swift in Sources */ = {isa = PBXBuildFile; fileRef = 7D0C030E22EB5FA5001FD837 /* TabbarController.swift */; };
		7D0C031522EB7122001FD837 /* SettingTableViewCell.swift in Sources */ = {isa = PBXBuildFile; fileRef = 7D0C031422EB7122001FD837 /* SettingTableViewCell.swift */; };
		7D1F73A122F6B719000AA055 /* OpenSourceCell.swift in Sources */ = {isa = PBXBuildFile; fileRef = 7D1F73A022F6B719000AA055 /* OpenSourceCell.swift */; };
		7D1F73A322F6B73F000AA055 /* ViewControllerDelegate.swift in Sources */ = {isa = PBXBuildFile; fileRef = 7D1F73A222F6B73F000AA055 /* ViewControllerDelegate.swift */; };
		7D1F73A522F6B75E000AA055 /* Singleton.swift in Sources */ = {isa = PBXBuildFile; fileRef = 7D1F73A422F6B75E000AA055 /* Singleton.swift */; };
		7D72671022E33EB500589C82 /* settingModel.swift in Sources */ = {isa = PBXBuildFile; fileRef = 7D72670F22E33EB400589C82 /* settingModel.swift */; };
		7D8DBB9522F0A230008C20E9 /* OpenSourceViewController.swift in Sources */ = {isa = PBXBuildFile; fileRef = 7D8DBB9422F0A230008C20E9 /* OpenSourceViewController.swift */; };
		7D95E21B22EC59B1008CEC0B /* GOtravelUITests.swift in Sources */ = {isa = PBXBuildFile; fileRef = 7D95E21A22EC59B1008CEC0B /* GOtravelUITests.swift */; };
		7D95E22322EC59C0008CEC0B /* SnapshotHelper.swift in Sources */ = {isa = PBXBuildFile; fileRef = 7D95E22222EC59BF008CEC0B /* SnapshotHelper.swift */; };
		7DE3E44622F6D51D0056311E /* AppDelegate.swift in Sources */ = {isa = PBXBuildFile; fileRef = 4A969BF321E5A2F00016DB49 /* AppDelegate.swift */; };
		7DE3E44722F6D60E0056311E /* Main.storyboard in Resources */ = {isa = PBXBuildFile; fileRef = 4A969BF721E5A2F00016DB49 /* Main.storyboard */; };
		7DE3E44822F6D6120056311E /* LaunchScreen.storyboard in Resources */ = {isa = PBXBuildFile; fileRef = 4A969BFC21E5A2F50016DB49 /* LaunchScreen.storyboard */; };
		7DFC580B22FEF186002BFD86 /* CALayer+.swift in Sources */ = {isa = PBXBuildFile; fileRef = 7DFC580A22FEF186002BFD86 /* CALayer+.swift */; };
		7DFC580F22FEF402002BFD86 /* ExchangeRateCell.swift in Sources */ = {isa = PBXBuildFile; fileRef = 7DFC580E22FEF402002BFD86 /* ExchangeRateCell.swift */; };
		7DFC581122FF05E5002BFD86 /* DirectExchangeViewController.swift in Sources */ = {isa = PBXBuildFile; fileRef = 7DFC581022FF05E5002BFD86 /* DirectExchangeViewController.swift */; };
		F5B6CF7378640077B7ED2E76 /* Pods_GOtravel.framework in Frameworks */ = {isa = PBXBuildFile; fileRef = 5C8D0EDA739926CE14E7B79C /* Pods_GOtravel.framework */; };
/* End PBXBuildFile section */

/* Begin PBXContainerItemProxy section */
		7D95E21D22EC59B1008CEC0B /* PBXContainerItemProxy */ = {
			isa = PBXContainerItemProxy;
			containerPortal = 4A969BE821E5A2F00016DB49 /* Project object */;
			proxyType = 1;
			remoteGlobalIDString = 4A969BEF21E5A2F00016DB49;
			remoteInfo = GOtravel;
		};
/* End PBXContainerItemProxy section */

/* Begin PBXFileReference section */
		25F8933C8B5A2D51A48C71DA /* Pods-GOtravel.release.xcconfig */ = {isa = PBXFileReference; includeInIndex = 1; lastKnownFileType = text.xcconfig; name = "Pods-GOtravel.release.xcconfig"; path = "Pods/Target Support Files/Pods-GOtravel/Pods-GOtravel.release.xcconfig"; sourceTree = "<group>"; };
		4A0004AE222CF1AC003DEC20 /* SettingViewController.swift */ = {isa = PBXFileReference; lastKnownFileType = sourcecode.swift; path = SettingViewController.swift; sourceTree = "<group>"; };
		4A0004B0222D319F003DEC20 /* settingV.swift */ = {isa = PBXFileReference; lastKnownFileType = sourcecode.swift; path = settingV.swift; sourceTree = "<group>"; };
		4A38F3D921EA80820097914B /* mymain.xib */ = {isa = PBXFileReference; lastKnownFileType = file.xib; path = mymain.xib; sourceTree = "<group>"; };
		4A3A17E021F1C8B500313077 /* Date+.swift */ = {isa = PBXFileReference; lastKnownFileType = sourcecode.swift; path = "Date+.swift"; sourceTree = "<group>"; };
		4A3BC29721F3B2A800995E28 /* changeDetailOfDayViewController.swift */ = {isa = PBXFileReference; lastKnownFileType = sourcecode.swift; path = changeDetailOfDayViewController.swift; sourceTree = "<group>"; };
		4A3BC29C21F3C72A00995E28 /* changeDetailView.swift */ = {isa = PBXFileReference; lastKnownFileType = sourcecode.swift; path = changeDetailView.swift; sourceTree = "<group>"; };
		4A5B322621F6913E0007AB21 /* DefaultStyle.swift */ = {isa = PBXFileReference; lastKnownFileType = sourcecode.swift; path = DefaultStyle.swift; sourceTree = "<group>"; };
		4A5F61E6220C9C3800531239 /* HomeVM.swift */ = {isa = PBXFileReference; lastKnownFileType = sourcecode.swift; path = HomeVM.swift; sourceTree = "<group>"; };
		4A5F9CAC21FA100A0097C5C1 /* Enum_exchange.swift */ = {isa = PBXFileReference; lastKnownFileType = sourcecode.swift; path = Enum_exchange.swift; sourceTree = "<group>"; };
		4A5F9CAE21FE00C40097C5C1 /* exchagneView.swift */ = {isa = PBXFileReference; lastKnownFileType = sourcecode.swift; path = exchagneView.swift; sourceTree = "<group>"; };
		4A5F9CB0220495F50097C5C1 /* exchangeCell.swift */ = {isa = PBXFileReference; lastKnownFileType = sourcecode.swift; path = exchangeCell.swift; sourceTree = "<group>"; };
		4A5F9CB222087D070097C5C1 /* exchangeAddDataVC.swift */ = {isa = PBXFileReference; lastKnownFileType = sourcecode.swift; path = exchangeAddDataVC.swift; sourceTree = "<group>"; };
		4A779F4E21E7C24B00CCE52F /* PlaceAnnotation.swift */ = {isa = PBXFileReference; fileEncoding = 4; lastKnownFileType = sourcecode.swift; path = PlaceAnnotation.swift; sourceTree = "<group>"; };
		4A779F4F21E7C24B00CCE52F /* mainViewController.swift */ = {isa = PBXFileReference; fileEncoding = 4; lastKnownFileType = sourcecode.swift; path = mainViewController.swift; sourceTree = "<group>"; };
		4A779F5021E7C24B00CCE52F /* addTravelInfoViewController.swift */ = {isa = PBXFileReference; fileEncoding = 4; lastKnownFileType = sourcecode.swift; path = addTravelInfoViewController.swift; sourceTree = "<group>"; };
		4A779F5121E7C24B00CCE52F /* MKPlacemark+.swift */ = {isa = PBXFileReference; fileEncoding = 4; lastKnownFileType = sourcecode.swift; path = "MKPlacemark+.swift"; sourceTree = "<group>"; };
		4A779F5221E7C24B00CCE52F /* MapViewController.swift */ = {isa = PBXFileReference; fileEncoding = 4; lastKnownFileType = sourcecode.swift; path = MapViewController.swift; sourceTree = "<group>"; };
		4A779F5321E7C24B00CCE52F /* LocationManager.swift */ = {isa = PBXFileReference; fileEncoding = 4; lastKnownFileType = sourcecode.swift; path = LocationManager.swift; sourceTree = "<group>"; };
		4A779F5421E7C24B00CCE52F /* searchTravelLocationViewController.swift */ = {isa = PBXFileReference; fileEncoding = 4; lastKnownFileType = sourcecode.swift; path = searchTravelLocationViewController.swift; sourceTree = "<group>"; };
		4A779F5D21E7C2DF00CCE52F /* SuggestionsTableTableViewController.swift */ = {isa = PBXFileReference; fileEncoding = 4; lastKnownFileType = sourcecode.swift; path = SuggestionsTableTableViewController.swift; sourceTree = "<group>"; };
		4A969BF021E5A2F00016DB49 /* GOtravel.app */ = {isa = PBXFileReference; explicitFileType = wrapper.application; includeInIndex = 0; path = GOtravel.app; sourceTree = BUILT_PRODUCTS_DIR; };
		4A969BF321E5A2F00016DB49 /* AppDelegate.swift */ = {isa = PBXFileReference; lastKnownFileType = sourcecode.swift; path = AppDelegate.swift; sourceTree = "<group>"; };
		4A969BF521E5A2F00016DB49 /* ViewController.swift */ = {isa = PBXFileReference; lastKnownFileType = sourcecode.swift; path = ViewController.swift; sourceTree = "<group>"; };
		4A969BF821E5A2F00016DB49 /* Base */ = {isa = PBXFileReference; lastKnownFileType = file.storyboard; name = Base; path = Base.lproj/Main.storyboard; sourceTree = "<group>"; };
		4A969BFA21E5A2F50016DB49 /* Assets.xcassets */ = {isa = PBXFileReference; lastKnownFileType = folder.assetcatalog; path = Assets.xcassets; sourceTree = "<group>"; };
		4A969BFD21E5A2F50016DB49 /* Base */ = {isa = PBXFileReference; lastKnownFileType = file.storyboard; name = Base; path = Base.lproj/LaunchScreen.storyboard; sourceTree = "<group>"; };
		4A969BFF21E5A2F50016DB49 /* Info.plist */ = {isa = PBXFileReference; lastKnownFileType = text.plist.xml; path = Info.plist; sourceTree = "<group>"; };
		4AA331B321EB3D92004E2536 /* HomeViewController.swift */ = {isa = PBXFileReference; fileEncoding = 4; lastKnownFileType = sourcecode.swift; path = HomeViewController.swift; sourceTree = "<group>"; };
		4AA331B421EB3D92004E2536 /* ProgrammaticCollectionViewCell.swift */ = {isa = PBXFileReference; fileEncoding = 4; lastKnownFileType = sourcecode.swift; name = ProgrammaticCollectionViewCell.swift; path = "../New Group1/ProgrammaticCollectionViewCell.swift"; sourceTree = "<group>"; };
		4AA331B821EB3EB1004E2536 /* ControlCenterView.swift */ = {isa = PBXFileReference; fileEncoding = 4; lastKnownFileType = sourcecode.swift; path = ControlCenterView.swift; sourceTree = "<group>"; };
		4AA331BA21EB3EF8004E2536 /* UIView+.swift */ = {isa = PBXFileReference; fileEncoding = 4; lastKnownFileType = sourcecode.swift; path = "UIView+.swift"; sourceTree = "<group>"; };
		4AA331BB21EB3EF8004E2536 /* UIColor+.swift */ = {isa = PBXFileReference; fileEncoding = 4; lastKnownFileType = sourcecode.swift; path = "UIColor+.swift"; sourceTree = "<group>"; };
		4AA331BE21EB7119004E2536 /* realmData.swift */ = {isa = PBXFileReference; lastKnownFileType = sourcecode.swift; path = realmData.swift; sourceTree = "<group>"; };
		4AA331C021EB8E73004E2536 /* CalenderView.swift */ = {isa = PBXFileReference; fileEncoding = 4; lastKnownFileType = sourcecode.swift; path = CalenderView.swift; sourceTree = "<group>"; };
		4AA331C121EB8E74004E2536 /* MonthView.swift */ = {isa = PBXFileReference; fileEncoding = 4; lastKnownFileType = sourcecode.swift; path = MonthView.swift; sourceTree = "<group>"; };
		4AA331C221EB8E74004E2536 /* WeekdaysView.swift */ = {isa = PBXFileReference; fileEncoding = 4; lastKnownFileType = sourcecode.swift; path = WeekdaysView.swift; sourceTree = "<group>"; };
		4AA331C621EB8EB0004E2536 /* AddTripDateViewController.swift */ = {isa = PBXFileReference; lastKnownFileType = sourcecode.swift; path = AddTripDateViewController.swift; sourceTree = "<group>"; };
		4ABF96B0223BEA0E006FFD40 /* settingVM.swift */ = {isa = PBXFileReference; lastKnownFileType = sourcecode.swift; path = settingVM.swift; sourceTree = "<group>"; };
		4AC7103B21EE10C600B20448 /* TripDetailViewController.swift */ = {isa = PBXFileReference; lastKnownFileType = sourcecode.swift; path = TripDetailViewController.swift; sourceTree = "<group>"; };
		4AC7103D21EE110C00B20448 /* detailTest.xib */ = {isa = PBXFileReference; lastKnownFileType = file.xib; path = detailTest.xib; sourceTree = "<group>"; };
		4AC7103F21EE566300B20448 /* addDetailTableViewCell.swift */ = {isa = PBXFileReference; lastKnownFileType = sourcecode.swift; path = addDetailTableViewCell.swift; sourceTree = "<group>"; };
		4AC7104121EF9DF300B20448 /* addDetailTableViewCellInsideTableViewCell.swift */ = {isa = PBXFileReference; lastKnownFileType = sourcecode.swift; path = addDetailTableViewCellInsideTableViewCell.swift; sourceTree = "<group>"; };
		4AC7107321EFD5B200B20448 /* UIDevice+.swfit */ = {isa = PBXFileReference; lastKnownFileType = text; path = "UIDevice+.swfit"; sourceTree = "<group>"; };
		4AC7107521F03CA900B20448 /* addDetailViewTableViewDelegate.swift */ = {isa = PBXFileReference; lastKnownFileType = sourcecode.swift; path = addDetailViewTableViewDelegate.swift; sourceTree = "<group>"; };
		4AC710A921F0C6C900B20448 /* AddTripViewController.swift */ = {isa = PBXFileReference; lastKnownFileType = sourcecode.swift; path = AddTripViewController.swift; sourceTree = "<group>"; };
		4AC710AC21F0D39900B20448 /* placeSearchTableViewCell.swift */ = {isa = PBXFileReference; lastKnownFileType = sourcecode.swift; path = placeSearchTableViewCell.swift; sourceTree = "<group>"; };
		4AC710AE21F0EB3900B20448 /* AddTripCheckMapViewController.swift */ = {isa = PBXFileReference; lastKnownFileType = sourcecode.swift; path = AddTripCheckMapViewController.swift; sourceTree = "<group>"; };
		4AC710B021F0EE1400B20448 /* struct.swift */ = {isa = PBXFileReference; lastKnownFileType = sourcecode.swift; path = struct.swift; sourceTree = "<group>"; };
		4AC710B221F103EF00B20448 /* addDetailAllSubView.swift */ = {isa = PBXFileReference; lastKnownFileType = sourcecode.swift; path = addDetailAllSubView.swift; sourceTree = "<group>"; };
		4ACC7002222AC9DC004095DA /* pastVC.swift */ = {isa = PBXFileReference; lastKnownFileType = sourcecode.swift; path = pastVC.swift; sourceTree = "<group>"; };
		4ACC7004222AC9E5004095DA /* pastV.swift */ = {isa = PBXFileReference; lastKnownFileType = sourcecode.swift; path = pastV.swift; sourceTree = "<group>"; };
		4ACC7006222ACA04004095DA /* pastVM.swift */ = {isa = PBXFileReference; lastKnownFileType = sourcecode.swift; path = pastVM.swift; sourceTree = "<group>"; };
		4ACD966F220DC3D50032D2C2 /* exchangeViewController.swift */ = {isa = PBXFileReference; fileEncoding = 4; lastKnownFileType = sourcecode.swift; path = exchangeViewController.swift; sourceTree = "<group>"; };
		4AD2D4D2220B040B00F7BE6F /* exchangeSelectForeignVC.swift */ = {isa = PBXFileReference; lastKnownFileType = sourcecode.swift; path = exchangeSelectForeignVC.swift; sourceTree = "<group>"; };
		5C8D0EDA739926CE14E7B79C /* Pods_GOtravel.framework */ = {isa = PBXFileReference; explicitFileType = wrapper.framework; includeInIndex = 0; path = Pods_GOtravel.framework; sourceTree = BUILT_PRODUCTS_DIR; };
		7D0C030E22EB5FA5001FD837 /* TabbarController.swift */ = {isa = PBXFileReference; lastKnownFileType = sourcecode.swift; path = TabbarController.swift; sourceTree = "<group>"; };
		7D0C031422EB7122001FD837 /* SettingTableViewCell.swift */ = {isa = PBXFileReference; lastKnownFileType = sourcecode.swift; name = SettingTableViewCell.swift; path = "../New Group/SettingTableViewCell.swift"; sourceTree = "<group>"; };
		7D1F73A022F6B719000AA055 /* OpenSourceCell.swift */ = {isa = PBXFileReference; fileEncoding = 4; lastKnownFileType = sourcecode.swift; path = OpenSourceCell.swift; sourceTree = "<group>"; };
		7D1F73A222F6B73F000AA055 /* ViewControllerDelegate.swift */ = {isa = PBXFileReference; fileEncoding = 4; lastKnownFileType = sourcecode.swift; path = ViewControllerDelegate.swift; sourceTree = "<group>"; };
		7D1F73A422F6B75E000AA055 /* Singleton.swift */ = {isa = PBXFileReference; fileEncoding = 4; lastKnownFileType = sourcecode.swift; path = Singleton.swift; sourceTree = "<group>"; };
		7D72670F22E33EB400589C82 /* settingModel.swift */ = {isa = PBXFileReference; lastKnownFileType = sourcecode.swift; path = settingModel.swift; sourceTree = "<group>"; };
		7D8DBB9422F0A230008C20E9 /* OpenSourceViewController.swift */ = {isa = PBXFileReference; lastKnownFileType = sourcecode.swift; name = OpenSourceViewController.swift; path = ../OpenSourceViewController.swift; sourceTree = "<group>"; };
		7D95E21822EC59B1008CEC0B /* GOtravelUITests.xctest */ = {isa = PBXFileReference; explicitFileType = wrapper.cfbundle; includeInIndex = 0; path = GOtravelUITests.xctest; sourceTree = BUILT_PRODUCTS_DIR; };
		7D95E21A22EC59B1008CEC0B /* GOtravelUITests.swift */ = {isa = PBXFileReference; lastKnownFileType = sourcecode.swift; path = GOtravelUITests.swift; sourceTree = "<group>"; };
		7D95E21C22EC59B1008CEC0B /* Info.plist */ = {isa = PBXFileReference; lastKnownFileType = text.plist.xml; path = Info.plist; sourceTree = "<group>"; };
		7D95E22222EC59BF008CEC0B /* SnapshotHelper.swift */ = {isa = PBXFileReference; fileEncoding = 4; lastKnownFileType = sourcecode.swift; name = SnapshotHelper.swift; path = fastlane/SnapshotHelper.swift; sourceTree = SOURCE_ROOT; };
		7DFC580A22FEF186002BFD86 /* CALayer+.swift */ = {isa = PBXFileReference; lastKnownFileType = sourcecode.swift; path = "CALayer+.swift"; sourceTree = "<group>"; };
		7DFC580E22FEF402002BFD86 /* ExchangeRateCell.swift */ = {isa = PBXFileReference; lastKnownFileType = sourcecode.swift; path = ExchangeRateCell.swift; sourceTree = "<group>"; };
		7DFC581022FF05E5002BFD86 /* DirectExchangeViewController.swift */ = {isa = PBXFileReference; lastKnownFileType = sourcecode.swift; path = DirectExchangeViewController.swift; sourceTree = "<group>"; };
		8CB940FE2668A49D19250230 /* Pods-GOtravel.debug.xcconfig */ = {isa = PBXFileReference; includeInIndex = 1; lastKnownFileType = text.xcconfig; name = "Pods-GOtravel.debug.xcconfig"; path = "Pods/Target Support Files/Pods-GOtravel/Pods-GOtravel.debug.xcconfig"; sourceTree = "<group>"; };
/* End PBXFileReference section */

/* Begin PBXFrameworksBuildPhase section */
		4A969BED21E5A2F00016DB49 /* Frameworks */ = {
			isa = PBXFrameworksBuildPhase;
			buildActionMask = 2147483647;
			files = (
				F5B6CF7378640077B7ED2E76 /* Pods_GOtravel.framework in Frameworks */,
			);
			runOnlyForDeploymentPostprocessing = 0;
		};
		7D95E21522EC59B1008CEC0B /* Frameworks */ = {
			isa = PBXFrameworksBuildPhase;
			buildActionMask = 2147483647;
			files = (
			);
			runOnlyForDeploymentPostprocessing = 0;
		};
/* End PBXFrameworksBuildPhase section */

/* Begin PBXGroup section */
		4A0004AD222CF183003DEC20 /* Setting */ = {
			isa = PBXGroup;
			children = (
				7D8DBB9422F0A230008C20E9 /* OpenSourceViewController.swift */,
				4A0004AE222CF1AC003DEC20 /* SettingViewController.swift */,
				4A0004B0222D319F003DEC20 /* settingV.swift */,
				4ABF96B0223BEA0E006FFD40 /* settingVM.swift */,
				7D72670F22E33EB400589C82 /* settingModel.swift */,
			);
			path = Setting;
			sourceTree = "<group>";
		};
		4A38F3D621EA618A0097914B /* GoTravel */ = {
			isa = PBXGroup;
			children = (
				7D4345BD22EC1AA50011AC7C /* Protocol */,
				4A6EB2B021E64F0800A96C61 /* Data */,
				4A5F61E0220C9BA800531239 /* 🗺🗺 */,
				4AA331CB21ECA6EA004E2536 /* Extension + Struct */,
			);
			path = GoTravel;
			sourceTree = "<group>";
		};
		4A38F3DB21EA80920097914B /* Resources */ = {
			isa = PBXGroup;
			children = (
				4AA331D121ECA8EA004E2536 /* storyboard */,
				4A969BF321E5A2F00016DB49 /* AppDelegate.swift */,
				4A969BFA21E5A2F50016DB49 /* Assets.xcassets */,
			);
			path = Resources;
			sourceTree = "<group>";
		};
		4A5F61E0220C9BA800531239 /* 🗺🗺 */ = {
			isa = PBXGroup;
			children = (
				7DFC580922FE6E0F002BFD86 /* TabBar */,
				4AC710B421F10F4100B20448 /* calendar */,
				4ACC7004222AC9E5004095DA /* pastV.swift */,
				4A5F9CAE21FE00C40097C5C1 /* exchagneView.swift */,
				7D8DBB9122F0A18A008C20E9 /* ViewController */,
				7D8DBB9322F0A1A9008C20E9 /* ViewModel */,
				7D8DBB9222F0A19B008C20E9 /* Model */,
				7D0C031222EB7108001FD837 /* Cell */,
			);
			path = "🗺🗺";
			sourceTree = "<group>";
		};
		4A5F61EF220C9D9C00531239 /* HomeToDetailV */ = {
			isa = PBXGroup;
			children = (
				4AC7103F21EE566300B20448 /* addDetailTableViewCell.swift */,
				4AC7104121EF9DF300B20448 /* addDetailTableViewCellInsideTableViewCell.swift */,
				7DFC580E22FEF402002BFD86 /* ExchangeRateCell.swift */,
			);
			path = HomeToDetailV;
			sourceTree = "<group>";
		};
		4A5F61F4220C9DF600531239 /* DetailToExchangeVC */ = {
			isa = PBXGroup;
			children = (
				4ACD966F220DC3D50032D2C2 /* exchangeViewController.swift */,
				4A5F9CB222087D070097C5C1 /* exchangeAddDataVC.swift */,
				4AD2D4D2220B040B00F7BE6F /* exchangeSelectForeignVC.swift */,
				7DFC581022FF05E5002BFD86 /* DirectExchangeViewController.swift */,
			);
			path = DetailToExchangeVC;
			sourceTree = "<group>";
		};
		4A5F61F5220C9EB900531239 /* AddTrip */ = {
			isa = PBXGroup;
			children = (
				4AC710A921F0C6C900B20448 /* AddTripViewController.swift */,
				4AC710AE21F0EB3900B20448 /* AddTripCheckMapViewController.swift */,
				4AA331C621EB8EB0004E2536 /* AddTripDateViewController.swift */,
			);
			path = AddTrip;
			sourceTree = "<group>";
		};
		4A5F61F6220C9F0100531239 /* trash */ = {
			isa = PBXGroup;
			children = (
				4A779F4F21E7C24B00CCE52F /* mainViewController.swift */,
				4A779F5221E7C24B00CCE52F /* MapViewController.swift */,
				4A779F5421E7C24B00CCE52F /* searchTravelLocationViewController.swift */,
				4A969BF521E5A2F00016DB49 /* ViewController.swift */,
				4A779F5321E7C24B00CCE52F /* LocationManager.swift */,
				4A779F4E21E7C24B00CCE52F /* PlaceAnnotation.swift */,
				4A779F5021E7C24B00CCE52F /* addTravelInfoViewController.swift */,
				4AC7107521F03CA900B20448 /* addDetailViewTableViewDelegate.swift */,
				4A779F5D21E7C2DF00CCE52F /* SuggestionsTableTableViewController.swift */,
			);
			path = trash;
			sourceTree = "<group>";
		};
		4A6EB2B021E64F0800A96C61 /* Data */ = {
			isa = PBXGroup;
			children = (
				7D1F73A422F6B75E000AA055 /* Singleton.swift */,
				4AA331BE21EB7119004E2536 /* realmData.swift */,
				4AC710B021F0EE1400B20448 /* struct.swift */,
			);
			path = Data;
			sourceTree = "<group>";
		};
		4A969BE721E5A2F00016DB49 = {
			isa = PBXGroup;
			children = (
				4A5F61F6220C9F0100531239 /* trash */,
				4A969BF221E5A2F00016DB49 /* GOtravel */,
				7D95E21922EC59B1008CEC0B /* GOtravelUITests */,
				4A969BF121E5A2F00016DB49 /* Products */,
				7EE67DA17128548DFC6AA525 /* Pods */,
				AB1F4CA7AE0A1CC0F55EFF90 /* Frameworks */,
			);
			sourceTree = "<group>";
		};
		4A969BF121E5A2F00016DB49 /* Products */ = {
			isa = PBXGroup;
			children = (
				4A969BF021E5A2F00016DB49 /* GOtravel.app */,
				7D95E21822EC59B1008CEC0B /* GOtravelUITests.xctest */,
			);
			name = Products;
			sourceTree = "<group>";
		};
		4A969BF221E5A2F00016DB49 /* GOtravel */ = {
			isa = PBXGroup;
			children = (
				4A38F3DB21EA80920097914B /* Resources */,
				4A38F3D621EA618A0097914B /* GoTravel */,
				4A969BFF21E5A2F50016DB49 /* Info.plist */,
			);
			path = GOtravel;
			sourceTree = "<group>";
		};
		4AA331CB21ECA6EA004E2536 /* Extension + Struct */ = {
			isa = PBXGroup;
			children = (
				7DFC580A22FEF186002BFD86 /* CALayer+.swift */,
				4AA331BB21EB3EF8004E2536 /* UIColor+.swift */,
				4AA331BA21EB3EF8004E2536 /* UIView+.swift */,
				4A779F5121E7C24B00CCE52F /* MKPlacemark+.swift */,
				4AC7107321EFD5B200B20448 /* UIDevice+.swfit */,
				4A3A17E021F1C8B500313077 /* Date+.swift */,
				4A5B322621F6913E0007AB21 /* DefaultStyle.swift */,
				4A5F9CAC21FA100A0097C5C1 /* Enum_exchange.swift */,
			);
			path = "Extension + Struct";
			sourceTree = "<group>";
		};
		4AA331D121ECA8EA004E2536 /* storyboard */ = {
			isa = PBXGroup;
			children = (
				4A969BFC21E5A2F50016DB49 /* LaunchScreen.storyboard */,
				4A38F3D921EA80820097914B /* mymain.xib */,
				4A969BF721E5A2F00016DB49 /* Main.storyboard */,
				4AC7103D21EE110C00B20448 /* detailTest.xib */,
			);
			path = storyboard;
			sourceTree = "<group>";
		};
		4AC710B421F10F4100B20448 /* calendar */ = {
			isa = PBXGroup;
			children = (
				4AA331B821EB3EB1004E2536 /* ControlCenterView.swift */,
				4AA331C021EB8E73004E2536 /* CalenderView.swift */,
				4AA331C121EB8E74004E2536 /* MonthView.swift */,
				4AA331C221EB8E74004E2536 /* WeekdaysView.swift */,
			);
			path = calendar;
			sourceTree = "<group>";
		};
		7D0C031222EB7108001FD837 /* Cell */ = {
			isa = PBXGroup;
			children = (
				7D0C031322EB7111001FD837 /* UITableViewCell */,
			);
			path = Cell;
			sourceTree = "<group>";
		};
		7D0C031322EB7111001FD837 /* UITableViewCell */ = {
			isa = PBXGroup;
			children = (
				7DFC580D22FEF3A3002BFD86 /* Home */,
				7DFC580C22FEF389002BFD86 /* Setting */,
				4A5F61EF220C9D9C00531239 /* HomeToDetailV */,
				4AC710AC21F0D39900B20448 /* placeSearchTableViewCell.swift */,
				4A5F9CB0220495F50097C5C1 /* exchangeCell.swift */,
			);
			path = UITableViewCell;
			sourceTree = "<group>";
		};
		7D4345BD22EC1AA50011AC7C /* Protocol */ = {
			isa = PBXGroup;
			children = (
				7D1F73A222F6B73F000AA055 /* ViewControllerDelegate.swift */,
			);
			path = Protocol;
			sourceTree = "<group>";
		};
		7D8DBB9122F0A18A008C20E9 /* ViewController */ = {
			isa = PBXGroup;
			children = (
				7D8DBB9622F0A255008C20E9 /* Home */,
				4A0004AD222CF183003DEC20 /* Setting */,
				7DCE767722F0A906001EF4B6 /* PastTrip */,
			);
			path = ViewController;
			sourceTree = "<group>";
		};
		7D8DBB9222F0A19B008C20E9 /* Model */ = {
			isa = PBXGroup;
			children = (
			);
			path = Model;
			sourceTree = "<group>";
		};
		7D8DBB9322F0A1A9008C20E9 /* ViewModel */ = {
			isa = PBXGroup;
			children = (
				4ACC7006222ACA04004095DA /* pastVM.swift */,
				4A5F61E6220C9C3800531239 /* HomeVM.swift */,
			);
			path = ViewModel;
			sourceTree = "<group>";
		};
		7D8DBB9622F0A255008C20E9 /* Home */ = {
			isa = PBXGroup;
			children = (
				4AA331B321EB3D92004E2536 /* HomeViewController.swift */,
				7D8DBB9722F0A27C008C20E9 /* Trip */,
				4A5F61F5220C9EB900531239 /* AddTrip */,
			);
			path = Home;
			sourceTree = "<group>";
		};
		7D8DBB9722F0A27C008C20E9 /* Trip */ = {
			isa = PBXGroup;
			children = (
				4AC710B221F103EF00B20448 /* addDetailAllSubView.swift */,
				4A3BC29C21F3C72A00995E28 /* changeDetailView.swift */,
				4AC7103B21EE10C600B20448 /* TripDetailViewController.swift */,
				4A3BC29721F3B2A800995E28 /* changeDetailOfDayViewController.swift */,
				4A5F61F4220C9DF600531239 /* DetailToExchangeVC */,
			);
			path = Trip;
			sourceTree = "<group>";
		};
		7D95E21922EC59B1008CEC0B /* GOtravelUITests */ = {
			isa = PBXGroup;
			children = (
				7D95E22222EC59BF008CEC0B /* SnapshotHelper.swift */,
				7D95E21A22EC59B1008CEC0B /* GOtravelUITests.swift */,
				7D95E21C22EC59B1008CEC0B /* Info.plist */,
			);
			path = GOtravelUITests;
			sourceTree = "<group>";
		};
		7DCE767722F0A906001EF4B6 /* PastTrip */ = {
			isa = PBXGroup;
			children = (
				4ACC7002222AC9DC004095DA /* pastVC.swift */,
			);
			path = PastTrip;
			sourceTree = "<group>";
		};
		7DFC580922FE6E0F002BFD86 /* TabBar */ = {
			isa = PBXGroup;
			children = (
				7D0C030E22EB5FA5001FD837 /* TabbarController.swift */,
			);
			path = TabBar;
			sourceTree = "<group>";
		};
		7DFC580C22FEF389002BFD86 /* Setting */ = {
			isa = PBXGroup;
			children = (
				7D0C031422EB7122001FD837 /* SettingTableViewCell.swift */,
				7D1F73A022F6B719000AA055 /* OpenSourceCell.swift */,
			);
			path = Setting;
			sourceTree = "<group>";
		};
		7DFC580D22FEF3A3002BFD86 /* Home */ = {
			isa = PBXGroup;
			children = (
				4AA331B421EB3D92004E2536 /* ProgrammaticCollectionViewCell.swift */,
			);
			path = Home;
			sourceTree = "<group>";
		};
		7EE67DA17128548DFC6AA525 /* Pods */ = {
			isa = PBXGroup;
			children = (
				8CB940FE2668A49D19250230 /* Pods-GOtravel.debug.xcconfig */,
				25F8933C8B5A2D51A48C71DA /* Pods-GOtravel.release.xcconfig */,
			);
			name = Pods;
			sourceTree = "<group>";
		};
		AB1F4CA7AE0A1CC0F55EFF90 /* Frameworks */ = {
			isa = PBXGroup;
			children = (
				5C8D0EDA739926CE14E7B79C /* Pods_GOtravel.framework */,
			);
			name = Frameworks;
			sourceTree = "<group>";
		};
/* End PBXGroup section */

/* Begin PBXNativeTarget section */
		4A969BEF21E5A2F00016DB49 /* GOtravel */ = {
			isa = PBXNativeTarget;
			buildConfigurationList = 4A969C0221E5A2F50016DB49 /* Build configuration list for PBXNativeTarget "GOtravel" */;
			buildPhases = (
				32723FF7F85838F05C06F5E3 /* [CP] Check Pods Manifest.lock */,
				4A969BEC21E5A2F00016DB49 /* Sources */,
				4A969BED21E5A2F00016DB49 /* Frameworks */,
				4A969BEE21E5A2F00016DB49 /* Resources */,
				42B924D9955BB40D13940D17 /* [CP] Embed Pods Frameworks */,
				B80A38B2D4E1155D8E113B6A /* [CP] Copy Pods Resources */,
			);
			buildRules = (
			);
			dependencies = (
			);
			name = GOtravel;
			productName = GOtravel;
			productReference = 4A969BF021E5A2F00016DB49 /* GOtravel.app */;
			productType = "com.apple.product-type.application";
		};
		7D95E21722EC59B1008CEC0B /* GOtravelUITests */ = {
			isa = PBXNativeTarget;
			buildConfigurationList = 7D95E21F22EC59B1008CEC0B /* Build configuration list for PBXNativeTarget "GOtravelUITests" */;
			buildPhases = (
				7D95E21422EC59B1008CEC0B /* Sources */,
				7D95E21522EC59B1008CEC0B /* Frameworks */,
				7D95E21622EC59B1008CEC0B /* Resources */,
			);
			buildRules = (
			);
			dependencies = (
				7D95E21E22EC59B1008CEC0B /* PBXTargetDependency */,
			);
			name = GOtravelUITests;
			productName = GOtravelUITests;
			productReference = 7D95E21822EC59B1008CEC0B /* GOtravelUITests.xctest */;
			productType = "com.apple.product-type.bundle.ui-testing";
		};
/* End PBXNativeTarget section */

/* Begin PBXProject section */
		4A969BE821E5A2F00016DB49 /* Project object */ = {
			isa = PBXProject;
			attributes = {
				DefaultBuildSystemTypeForWorkspace = Original;
				LastSwiftUpdateCheck = 1020;
				LastUpgradeCheck = 1010;
				ORGANIZATIONNAME = haeun;
				TargetAttributes = {
					4A969BEF21E5A2F00016DB49 = {
						CreatedOnToolsVersion = 10.1;
					};
					7D95E21722EC59B1008CEC0B = {
						CreatedOnToolsVersion = 10.2.1;
						TestTargetID = 4A969BEF21E5A2F00016DB49;
					};
				};
			};
			buildConfigurationList = 4A969BEB21E5A2F00016DB49 /* Build configuration list for PBXProject "GOtravel" */;
			compatibilityVersion = "Xcode 9.3";
			developmentRegion = en;
			hasScannedForEncodings = 0;
			knownRegions = (
				en,
				Base,
			);
			mainGroup = 4A969BE721E5A2F00016DB49;
			productRefGroup = 4A969BF121E5A2F00016DB49 /* Products */;
			projectDirPath = "";
			projectRoot = "";
			targets = (
				4A969BEF21E5A2F00016DB49 /* GOtravel */,
				7D95E21722EC59B1008CEC0B /* GOtravelUITests */,
			);
		};
/* End PBXProject section */

/* Begin PBXResourcesBuildPhase section */
		4A969BEE21E5A2F00016DB49 /* Resources */ = {
			isa = PBXResourcesBuildPhase;
			buildActionMask = 2147483647;
			files = (
				7DE3E44822F6D6120056311E /* LaunchScreen.storyboard in Resources */,
				7DE3E44722F6D60E0056311E /* Main.storyboard in Resources */,
				4AC7103E21EE110C00B20448 /* detailTest.xib in Resources */,
				4A38F3DA21EA80820097914B /* mymain.xib in Resources */,
				4A969BFB21E5A2F50016DB49 /* Assets.xcassets in Resources */,
			);
			runOnlyForDeploymentPostprocessing = 0;
		};
		7D95E21622EC59B1008CEC0B /* Resources */ = {
			isa = PBXResourcesBuildPhase;
			buildActionMask = 2147483647;
			files = (
			);
			runOnlyForDeploymentPostprocessing = 0;
		};
/* End PBXResourcesBuildPhase section */

/* Begin PBXShellScriptBuildPhase section */
		32723FF7F85838F05C06F5E3 /* [CP] Check Pods Manifest.lock */ = {
			isa = PBXShellScriptBuildPhase;
			buildActionMask = 2147483647;
			files = (
			);
			inputPaths = (
				"${PODS_PODFILE_DIR_PATH}/Podfile.lock",
				"${PODS_ROOT}/Manifest.lock",
			);
			name = "[CP] Check Pods Manifest.lock";
			outputPaths = (
				"$(DERIVED_FILE_DIR)/Pods-GOtravel-checkManifestLockResult.txt",
			);
			runOnlyForDeploymentPostprocessing = 0;
			shellPath = /bin/sh;
			shellScript = "diff \"${PODS_PODFILE_DIR_PATH}/Podfile.lock\" \"${PODS_ROOT}/Manifest.lock\" > /dev/null\nif [ $? != 0 ] ; then\n    # print error to STDERR\n    echo \"error: The sandbox is not in sync with the Podfile.lock. Run 'pod install' or update your CocoaPods installation.\" >&2\n    exit 1\nfi\n# This output is used by Xcode 'outputs' to avoid re-running this script phase.\necho \"SUCCESS\" > \"${SCRIPT_OUTPUT_FILE_0}\"\n";
			showEnvVarsInLog = 0;
		};
		42B924D9955BB40D13940D17 /* [CP] Embed Pods Frameworks */ = {
			isa = PBXShellScriptBuildPhase;
			buildActionMask = 2147483647;
			files = (
			);
			inputFileListPaths = (
				"${PODS_ROOT}/Target Support Files/Pods-GOtravel/Pods-GOtravel-frameworks-${CONFIGURATION}-input-files.xcfilelist",
			);
			name = "[CP] Embed Pods Frameworks";
			outputFileListPaths = (
				"${PODS_ROOT}/Target Support Files/Pods-GOtravel/Pods-GOtravel-frameworks-${CONFIGURATION}-output-files.xcfilelist",
			);
			runOnlyForDeploymentPostprocessing = 0;
			shellPath = /bin/sh;
			shellScript = "\"${PODS_ROOT}/Target Support Files/Pods-GOtravel/Pods-GOtravel-frameworks.sh\"\n";
			showEnvVarsInLog = 0;
		};
		B80A38B2D4E1155D8E113B6A /* [CP] Copy Pods Resources */ = {
			isa = PBXShellScriptBuildPhase;
			buildActionMask = 2147483647;
			files = (
			);
			inputFileListPaths = (
				"${PODS_ROOT}/Target Support Files/Pods-GOtravel/Pods-GOtravel-resources-${CONFIGURATION}-input-files.xcfilelist",
			);
			name = "[CP] Copy Pods Resources";
			outputFileListPaths = (
				"${PODS_ROOT}/Target Support Files/Pods-GOtravel/Pods-GOtravel-resources-${CONFIGURATION}-output-files.xcfilelist",
			);
			runOnlyForDeploymentPostprocessing = 0;
			shellPath = /bin/sh;
			shellScript = "\"${PODS_ROOT}/Target Support Files/Pods-GOtravel/Pods-GOtravel-resources.sh\"\n";
			showEnvVarsInLog = 0;
		};
/* End PBXShellScriptBuildPhase section */

/* Begin PBXSourcesBuildPhase section */
		4A969BEC21E5A2F00016DB49 /* Sources */ = {
			isa = PBXSourcesBuildPhase;
			buildActionMask = 2147483647;
			files = (
				7DE3E44622F6D51D0056311E /* AppDelegate.swift in Sources */,
				7D72671022E33EB500589C82 /* settingModel.swift in Sources */,
				4AC7104021EE566300B20448 /* addDetailTableViewCell.swift in Sources */,
				7D1F73A122F6B719000AA055 /* OpenSourceCell.swift in Sources */,
				4AC7107621F03CA900B20448 /* addDetailViewTableViewDelegate.swift in Sources */,
				4AA331B621EB3D92004E2536 /* HomeViewController.swift in Sources */,
				4A779F5E21E7C2DF00CCE52F /* SuggestionsTableTableViewController.swift in Sources */,
				4A3BC29D21F3C72A00995E28 /* changeDetailView.swift in Sources */,
				7DFC580F22FEF402002BFD86 /* ExchangeRateCell.swift in Sources */,
				4A779F5621E7C24C00CCE52F /* PlaceAnnotation.swift in Sources */,
				4ACC7005222AC9E5004095DA /* pastV.swift in Sources */,
				7D1F73A322F6B73F000AA055 /* ViewControllerDelegate.swift in Sources */,
				4AA331BC21EB3EF8004E2536 /* UIView+.swift in Sources */,
				4ACC7007222ACA04004095DA /* pastVM.swift in Sources */,
				4ACD9670220DC3D50032D2C2 /* exchangeViewController.swift in Sources */,
				4AA331BD21EB3EF8004E2536 /* UIColor+.swift in Sources */,
				4AC710AD21F0D39900B20448 /* placeSearchTableViewCell.swift in Sources */,
				4AA331C721EB8EB0004E2536 /* AddTripDateViewController.swift in Sources */,
				7D0C030F22EB5FA5001FD837 /* TabbarController.swift in Sources */,
				7DFC581122FF05E5002BFD86 /* DirectExchangeViewController.swift in Sources */,
				4A5F9CB322087D070097C5C1 /* exchangeAddDataVC.swift in Sources */,
				7DFC580B22FEF186002BFD86 /* CALayer+.swift in Sources */,
				4A969BF621E5A2F00016DB49 /* ViewController.swift in Sources */,
				4AA331BF21EB7119004E2536 /* realmData.swift in Sources */,
				4A779F5721E7C24C00CCE52F /* mainViewController.swift in Sources */,
				4AC7107421EFD5B200B20448 /* UIDevice+.swfit in Sources */,
				4AC710B121F0EE1400B20448 /* struct.swift in Sources */,
				4A779F5921E7C24C00CCE52F /* MKPlacemark+.swift in Sources */,
				4A5B322721F6913E0007AB21 /* DefaultStyle.swift in Sources */,
				4AC710B321F103EF00B20448 /* addDetailAllSubView.swift in Sources */,
				4AC7103C21EE10C600B20448 /* TripDetailViewController.swift in Sources */,
				4A5F9CAD21FA100A0097C5C1 /* Enum_exchange.swift in Sources */,
				4AC710AF21F0EB3900B20448 /* AddTripCheckMapViewController.swift in Sources */,
				4A3A17E121F1C8B500313077 /* Date+.swift in Sources */,
				4A0004B1222D319F003DEC20 /* settingV.swift in Sources */,
				4AA331C421EB8E74004E2536 /* MonthView.swift in Sources */,
				4A0004AF222CF1AC003DEC20 /* SettingViewController.swift in Sources */,
				7D8DBB9522F0A230008C20E9 /* OpenSourceViewController.swift in Sources */,
				7D0C031522EB7122001FD837 /* SettingTableViewCell.swift in Sources */,
				4A3BC29821F3B2A800995E28 /* changeDetailOfDayViewController.swift in Sources */,
				7D1F73A522F6B75E000AA055 /* Singleton.swift in Sources */,
				4A5F61E7220C9C3800531239 /* HomeVM.swift in Sources */,
				4AC7104221EF9DF300B20448 /* addDetailTableViewCellInsideTableViewCell.swift in Sources */,
				4A779F5821E7C24C00CCE52F /* addTravelInfoViewController.swift in Sources */,
				4AD2D4D3220B040B00F7BE6F /* exchangeSelectForeignVC.swift in Sources */,
				4AA331C521EB8E74004E2536 /* WeekdaysView.swift in Sources */,
				4AC710AA21F0C6C900B20448 /* AddTripViewController.swift in Sources */,
				4AA331B721EB3D92004E2536 /* ProgrammaticCollectionViewCell.swift in Sources */,
				4A5F9CB1220495F60097C5C1 /* exchangeCell.swift in Sources */,
				4A779F5A21E7C24C00CCE52F /* MapViewController.swift in Sources */,
				4A779F5B21E7C24C00CCE52F /* LocationManager.swift in Sources */,
				4A779F5C21E7C24C00CCE52F /* searchTravelLocationViewController.swift in Sources */,
				4ACC7003222AC9DC004095DA /* pastVC.swift in Sources */,
				4AA331C321EB8E74004E2536 /* CalenderView.swift in Sources */,
				4AA331B921EB3EB2004E2536 /* ControlCenterView.swift in Sources */,
				4ABF96B1223BEA0E006FFD40 /* settingVM.swift in Sources */,
				4A5F9CAF21FE00C40097C5C1 /* exchagneView.swift in Sources */,
			);
			runOnlyForDeploymentPostprocessing = 0;
		};
		7D95E21422EC59B1008CEC0B /* Sources */ = {
			isa = PBXSourcesBuildPhase;
			buildActionMask = 2147483647;
			files = (
				7D95E21B22EC59B1008CEC0B /* GOtravelUITests.swift in Sources */,
				7D95E22322EC59C0008CEC0B /* SnapshotHelper.swift in Sources */,
			);
			runOnlyForDeploymentPostprocessing = 0;
		};
/* End PBXSourcesBuildPhase section */

/* Begin PBXTargetDependency section */
		7D95E21E22EC59B1008CEC0B /* PBXTargetDependency */ = {
			isa = PBXTargetDependency;
			target = 4A969BEF21E5A2F00016DB49 /* GOtravel */;
			targetProxy = 7D95E21D22EC59B1008CEC0B /* PBXContainerItemProxy */;
		};
/* End PBXTargetDependency section */

/* Begin PBXVariantGroup section */
		4A969BF721E5A2F00016DB49 /* Main.storyboard */ = {
			isa = PBXVariantGroup;
			children = (
				4A969BF821E5A2F00016DB49 /* Base */,
			);
			name = Main.storyboard;
			sourceTree = "<group>";
		};
		4A969BFC21E5A2F50016DB49 /* LaunchScreen.storyboard */ = {
			isa = PBXVariantGroup;
			children = (
				4A969BFD21E5A2F50016DB49 /* Base */,
			);
			name = LaunchScreen.storyboard;
			sourceTree = "<group>";
		};
/* End PBXVariantGroup section */

/* Begin XCBuildConfiguration section */
		4A969C0021E5A2F50016DB49 /* Debug */ = {
			isa = XCBuildConfiguration;
			buildSettings = {
				ALWAYS_SEARCH_USER_PATHS = NO;
				CLANG_ANALYZER_NONNULL = YES;
				CLANG_ANALYZER_NUMBER_OBJECT_CONVERSION = YES_AGGRESSIVE;
				CLANG_CXX_LANGUAGE_STANDARD = "gnu++14";
				CLANG_CXX_LIBRARY = "libc++";
				CLANG_ENABLE_MODULES = YES;
				CLANG_ENABLE_OBJC_ARC = YES;
				CLANG_ENABLE_OBJC_WEAK = YES;
				CLANG_WARN_BLOCK_CAPTURE_AUTORELEASING = YES;
				CLANG_WARN_BOOL_CONVERSION = YES;
				CLANG_WARN_COMMA = YES;
				CLANG_WARN_CONSTANT_CONVERSION = YES;
				CLANG_WARN_DEPRECATED_OBJC_IMPLEMENTATIONS = YES;
				CLANG_WARN_DIRECT_OBJC_ISA_USAGE = YES_ERROR;
				CLANG_WARN_DOCUMENTATION_COMMENTS = YES;
				CLANG_WARN_EMPTY_BODY = YES;
				CLANG_WARN_ENUM_CONVERSION = YES;
				CLANG_WARN_INFINITE_RECURSION = YES;
				CLANG_WARN_INT_CONVERSION = YES;
				CLANG_WARN_NON_LITERAL_NULL_CONVERSION = YES;
				CLANG_WARN_OBJC_IMPLICIT_RETAIN_SELF = YES;
				CLANG_WARN_OBJC_LITERAL_CONVERSION = YES;
				CLANG_WARN_OBJC_ROOT_CLASS = YES_ERROR;
				CLANG_WARN_RANGE_LOOP_ANALYSIS = YES;
				CLANG_WARN_STRICT_PROTOTYPES = YES;
				CLANG_WARN_SUSPICIOUS_MOVE = YES;
				CLANG_WARN_UNGUARDED_AVAILABILITY = YES_AGGRESSIVE;
				CLANG_WARN_UNREACHABLE_CODE = YES;
				CLANG_WARN__DUPLICATE_METHOD_MATCH = YES;
				CODE_SIGN_IDENTITY = "iPhone Developer";
				COPY_PHASE_STRIP = NO;
				DEBUG_INFORMATION_FORMAT = dwarf;
				ENABLE_STRICT_OBJC_MSGSEND = YES;
				ENABLE_TESTABILITY = YES;
				GCC_C_LANGUAGE_STANDARD = gnu11;
				GCC_DYNAMIC_NO_PIC = NO;
				GCC_NO_COMMON_BLOCKS = YES;
				GCC_OPTIMIZATION_LEVEL = 0;
				GCC_PREPROCESSOR_DEFINITIONS = (
					"DEBUG=1",
					"$(inherited)",
				);
				GCC_WARN_64_TO_32_BIT_CONVERSION = YES;
				GCC_WARN_ABOUT_RETURN_TYPE = YES_ERROR;
				GCC_WARN_UNDECLARED_SELECTOR = YES;
				GCC_WARN_UNINITIALIZED_AUTOS = YES_AGGRESSIVE;
				GCC_WARN_UNUSED_FUNCTION = YES;
				GCC_WARN_UNUSED_VARIABLE = YES;
				IPHONEOS_DEPLOYMENT_TARGET = 11.0;
				MTL_ENABLE_DEBUG_INFO = INCLUDE_SOURCE;
				MTL_FAST_MATH = YES;
				ONLY_ACTIVE_ARCH = YES;
				SDKROOT = iphoneos;
				SWIFT_ACTIVE_COMPILATION_CONDITIONS = DEBUG;
				SWIFT_OPTIMIZATION_LEVEL = "-Onone";
			};
			name = Debug;
		};
		4A969C0121E5A2F50016DB49 /* Release */ = {
			isa = XCBuildConfiguration;
			buildSettings = {
				ALWAYS_SEARCH_USER_PATHS = NO;
				CLANG_ANALYZER_NONNULL = YES;
				CLANG_ANALYZER_NUMBER_OBJECT_CONVERSION = YES_AGGRESSIVE;
				CLANG_CXX_LANGUAGE_STANDARD = "gnu++14";
				CLANG_CXX_LIBRARY = "libc++";
				CLANG_ENABLE_MODULES = YES;
				CLANG_ENABLE_OBJC_ARC = YES;
				CLANG_ENABLE_OBJC_WEAK = YES;
				CLANG_WARN_BLOCK_CAPTURE_AUTORELEASING = YES;
				CLANG_WARN_BOOL_CONVERSION = YES;
				CLANG_WARN_COMMA = YES;
				CLANG_WARN_CONSTANT_CONVERSION = YES;
				CLANG_WARN_DEPRECATED_OBJC_IMPLEMENTATIONS = YES;
				CLANG_WARN_DIRECT_OBJC_ISA_USAGE = YES_ERROR;
				CLANG_WARN_DOCUMENTATION_COMMENTS = YES;
				CLANG_WARN_EMPTY_BODY = YES;
				CLANG_WARN_ENUM_CONVERSION = YES;
				CLANG_WARN_INFINITE_RECURSION = YES;
				CLANG_WARN_INT_CONVERSION = YES;
				CLANG_WARN_NON_LITERAL_NULL_CONVERSION = YES;
				CLANG_WARN_OBJC_IMPLICIT_RETAIN_SELF = YES;
				CLANG_WARN_OBJC_LITERAL_CONVERSION = YES;
				CLANG_WARN_OBJC_ROOT_CLASS = YES_ERROR;
				CLANG_WARN_RANGE_LOOP_ANALYSIS = YES;
				CLANG_WARN_STRICT_PROTOTYPES = YES;
				CLANG_WARN_SUSPICIOUS_MOVE = YES;
				CLANG_WARN_UNGUARDED_AVAILABILITY = YES_AGGRESSIVE;
				CLANG_WARN_UNREACHABLE_CODE = YES;
				CLANG_WARN__DUPLICATE_METHOD_MATCH = YES;
				CODE_SIGN_IDENTITY = "iPhone Developer";
				COPY_PHASE_STRIP = NO;
				DEBUG_INFORMATION_FORMAT = "dwarf-with-dsym";
				ENABLE_NS_ASSERTIONS = NO;
				ENABLE_STRICT_OBJC_MSGSEND = YES;
				GCC_C_LANGUAGE_STANDARD = gnu11;
				GCC_NO_COMMON_BLOCKS = YES;
				GCC_WARN_64_TO_32_BIT_CONVERSION = YES;
				GCC_WARN_ABOUT_RETURN_TYPE = YES_ERROR;
				GCC_WARN_UNDECLARED_SELECTOR = YES;
				GCC_WARN_UNINITIALIZED_AUTOS = YES_AGGRESSIVE;
				GCC_WARN_UNUSED_FUNCTION = YES;
				GCC_WARN_UNUSED_VARIABLE = YES;
				IPHONEOS_DEPLOYMENT_TARGET = 11.0;
				MTL_ENABLE_DEBUG_INFO = NO;
				MTL_FAST_MATH = YES;
				SDKROOT = iphoneos;
				SWIFT_COMPILATION_MODE = wholemodule;
				SWIFT_OPTIMIZATION_LEVEL = "-O";
				VALIDATE_PRODUCT = YES;
			};
			name = Release;
		};
		4A969C0321E5A2F50016DB49 /* Debug */ = {
			isa = XCBuildConfiguration;
			baseConfigurationReference = 8CB940FE2668A49D19250230 /* Pods-GOtravel.debug.xcconfig */;
			buildSettings = {
				ASSETCATALOG_COMPILER_APPICON_NAME = AppIcon;
				CODE_SIGN_IDENTITY = "iPhone Developer";
				CODE_SIGN_STYLE = Automatic;
				CURRENT_PROJECT_VERSION = 0;
				DEVELOPMENT_TEAM = L47YWQ7AFX;
				ENABLE_BITCODE = YES;
				INFOPLIST_FILE = GOtravel/Info.plist;
				IPHONEOS_DEPLOYMENT_TARGET = 11.0;
				LD_RUNPATH_SEARCH_PATHS = (
					"$(inherited)",
					"@executable_path/Frameworks",
				);
				MACH_O_TYPE = mh_execute;
				MARKETING_VERSION = 1.1;
				PRODUCT_BUNDLE_IDENTIFIER = haeun.developer.GOtravel;
				PRODUCT_NAME = "$(TARGET_NAME)";
				PROVISIONING_PROFILE_SPECIFIER = "";
				SWIFT_VERSION = 5.0;
				TARGETED_DEVICE_FAMILY = 1;
			};
			name = Debug;
		};
		4A969C0421E5A2F50016DB49 /* Release */ = {
			isa = XCBuildConfiguration;
			baseConfigurationReference = 25F8933C8B5A2D51A48C71DA /* Pods-GOtravel.release.xcconfig */;
			buildSettings = {
				ASSETCATALOG_COMPILER_APPICON_NAME = AppIcon;
				CODE_SIGN_IDENTITY = "iPhone Developer";
				CODE_SIGN_STYLE = Automatic;
				CURRENT_PROJECT_VERSION = 0;
				DEVELOPMENT_TEAM = L47YWQ7AFX;
				ENABLE_BITCODE = YES;
				INFOPLIST_FILE = GOtravel/Info.plist;
				IPHONEOS_DEPLOYMENT_TARGET = 11.0;
				LD_RUNPATH_SEARCH_PATHS = (
					"$(inherited)",
					"@executable_path/Frameworks",
				);
				MACH_O_TYPE = mh_execute;
				MARKETING_VERSION = 1.1;
				PRODUCT_BUNDLE_IDENTIFIER = haeun.developer.GOtravel;
				PRODUCT_NAME = "$(TARGET_NAME)";
				PROVISIONING_PROFILE_SPECIFIER = "";
				SWIFT_VERSION = 5.0;
				TARGETED_DEVICE_FAMILY = 1;
			};
			name = Release;
		};
		7D95E22022EC59B1008CEC0B /* Debug */ = {
			isa = XCBuildConfiguration;
			buildSettings = {
				CODE_SIGN_STYLE = Automatic;
				DEVELOPMENT_TEAM = 9DJXYBHDAK;
				INFOPLIST_FILE = GOtravelUITests/Info.plist;
				IPHONEOS_DEPLOYMENT_TARGET = 12.2;
				LD_RUNPATH_SEARCH_PATHS = (
					"$(inherited)",
					"@executable_path/Frameworks",
					"@loader_path/Frameworks",
				);
				PRODUCT_BUNDLE_IDENTIFIER = "LEE-HAEUN.GOtravelUITests";
				PRODUCT_NAME = "$(TARGET_NAME)";
				SWIFT_VERSION = 5.0;
				TARGETED_DEVICE_FAMILY = "1,2";
				TEST_TARGET_NAME = GOtravel;
			};
			name = Debug;
		};
		7D95E22122EC59B1008CEC0B /* Release */ = {
			isa = XCBuildConfiguration;
			buildSettings = {
				CODE_SIGN_STYLE = Automatic;
				DEVELOPMENT_TEAM = 9DJXYBHDAK;
				INFOPLIST_FILE = GOtravelUITests/Info.plist;
				IPHONEOS_DEPLOYMENT_TARGET = 12.2;
				LD_RUNPATH_SEARCH_PATHS = (
					"$(inherited)",
					"@executable_path/Frameworks",
					"@loader_path/Frameworks",
				);
				PRODUCT_BUNDLE_IDENTIFIER = "LEE-HAEUN.GOtravelUITests";
				PRODUCT_NAME = "$(TARGET_NAME)";
				SWIFT_VERSION = 5.0;
				TARGETED_DEVICE_FAMILY = "1,2";
				TEST_TARGET_NAME = GOtravel;
			};
			name = Release;
		};
/* End XCBuildConfiguration section */

/* Begin XCConfigurationList section */
		4A969BEB21E5A2F00016DB49 /* Build configuration list for PBXProject "GOtravel" */ = {
			isa = XCConfigurationList;
			buildConfigurations = (
				4A969C0021E5A2F50016DB49 /* Debug */,
				4A969C0121E5A2F50016DB49 /* Release */,
			);
			defaultConfigurationIsVisible = 0;
			defaultConfigurationName = Release;
		};
		4A969C0221E5A2F50016DB49 /* Build configuration list for PBXNativeTarget "GOtravel" */ = {
			isa = XCConfigurationList;
			buildConfigurations = (
				4A969C0321E5A2F50016DB49 /* Debug */,
				4A969C0421E5A2F50016DB49 /* Release */,
			);
			defaultConfigurationIsVisible = 0;
			defaultConfigurationName = Release;
		};
		7D95E21F22EC59B1008CEC0B /* Build configuration list for PBXNativeTarget "GOtravelUITests" */ = {
			isa = XCConfigurationList;
			buildConfigurations = (
				7D95E22022EC59B1008CEC0B /* Debug */,
				7D95E22122EC59B1008CEC0B /* Release */,
			);
			defaultConfigurationIsVisible = 0;
			defaultConfigurationName = Release;
		};
/* End XCConfigurationList section */
	};
	rootObject = 4A969BE821E5A2F00016DB49 /* Project object */;
}
